// !$*UTF8*$!
{
	archiveVersion = 1;
	classes = {
	};
	objectVersion = 46;
	objects = {

/* Begin PBXBuildFile section */
		00C302E51ABCBA2D00DB3ED1 /* libRCTActionSheet.a in Frameworks */ = {isa = PBXBuildFile; fileRef = 00C302AC1ABCB8CE00DB3ED1 /* libRCTActionSheet.a */; };
		00C302E71ABCBA2D00DB3ED1 /* libRCTGeolocation.a in Frameworks */ = {isa = PBXBuildFile; fileRef = 00C302BA1ABCB90400DB3ED1 /* libRCTGeolocation.a */; };
		00C302E81ABCBA2D00DB3ED1 /* libRCTImage.a in Frameworks */ = {isa = PBXBuildFile; fileRef = 00C302C01ABCB91800DB3ED1 /* libRCTImage.a */; };
		00C302E91ABCBA2D00DB3ED1 /* libRCTNetwork.a in Frameworks */ = {isa = PBXBuildFile; fileRef = 00C302DC1ABCB9D200DB3ED1 /* libRCTNetwork.a */; };
		00C302EA1ABCBA2D00DB3ED1 /* libRCTVibration.a in Frameworks */ = {isa = PBXBuildFile; fileRef = 00C302E41ABCB9EE00DB3ED1 /* libRCTVibration.a */; };
		0AC72BFE636D4607A94FF950 /* libRNImagePicker.a in Frameworks */ = {isa = PBXBuildFile; fileRef = A5AA99A24F284F3F85879ECF /* libRNImagePicker.a */; };
		11D1A2F320CAFA9E000508D9 /* libRCTAnimation.a in Frameworks */ = {isa = PBXBuildFile; fileRef = 5E9157331DD0AC6500FF2AA8 /* libRCTAnimation.a */; };
		12385CF0207341A0B0EDB6DA /* libAppCenterReactNative.a in Frameworks */ = {isa = PBXBuildFile; fileRef = 15BE1C3829E94ADC8FE0A356 /* libAppCenterReactNative.a */; };
		133E29F31AD74F7200F7D852 /* libRCTLinking.a in Frameworks */ = {isa = PBXBuildFile; fileRef = 78C398B91ACF4ADC00677621 /* libRCTLinking.a */; };
		139105C61AF99C1200B5F7CC /* libRCTSettings.a in Frameworks */ = {isa = PBXBuildFile; fileRef = 139105C11AF99BAD00B5F7CC /* libRCTSettings.a */; };
		139FDEF61B0652A700C62182 /* libRCTWebSocket.a in Frameworks */ = {isa = PBXBuildFile; fileRef = 139FDEF41B06529B00C62182 /* libRCTWebSocket.a */; };
		13B07FBC1A68108700A75B9A /* AppDelegate.m in Sources */ = {isa = PBXBuildFile; fileRef = 13B07FB01A68108700A75B9A /* AppDelegate.m */; };
		13B07FBD1A68108700A75B9A /* LaunchScreen.xib in Resources */ = {isa = PBXBuildFile; fileRef = 13B07FB11A68108700A75B9A /* LaunchScreen.xib */; };
		13B07FBF1A68108700A75B9A /* Images.xcassets in Resources */ = {isa = PBXBuildFile; fileRef = 13B07FB51A68108700A75B9A /* Images.xcassets */; };
		13B07FC11A68108700A75B9A /* main.m in Sources */ = {isa = PBXBuildFile; fileRef = 13B07FB71A68108700A75B9A /* main.m */; };
		148E396C3E804A14AE432FB0 /* libRNVectorIcons.a in Frameworks */ = {isa = PBXBuildFile; fileRef = AA9D2F8E66894540B45E84BD /* libRNVectorIcons.a */; };
		171444CD9DF540FC88607F06 /* FontAwesome.ttf in Resources */ = {isa = PBXBuildFile; fileRef = AB4D7A74A40049669D0F755C /* FontAwesome.ttf */; };
		1755704921EF41D79F6B2F69 /* libRNGestureHandler.a in Frameworks */ = {isa = PBXBuildFile; fileRef = 36DFD6CCA29B4AAC99885669 /* libRNGestureHandler.a */; };
		2D559EE5354B4575AA670E8B /* libRNFirebase.a in Frameworks */ = {isa = PBXBuildFile; fileRef = 3C3AB6348525483780B33D8E /* libRNFirebase.a */; };
		2E56575888B4421386E7BEC7 /* Entypo.ttf in Resources */ = {isa = PBXBuildFile; fileRef = 1E4CB8B3B3FF42C8BB78906F /* Entypo.ttf */; };
		37C352954DC44A6FBE53A179 /* AppCenter-Config.plist in Resources */ = {isa = PBXBuildFile; fileRef = 5F6D47FA02234F0EA3CE711E /* AppCenter-Config.plist */; };
		3C7F56F483104A91BD17EDAC /* libBVLinearGradient.a in Frameworks */ = {isa = PBXBuildFile; fileRef = 8DDD40934F46435D85491CCE /* libBVLinearGradient.a */; };
		3FBB4A6755104CEE9EA2F98F /* libAppCenterReactNativeAnalytics.a in Frameworks */ = {isa = PBXBuildFile; fileRef = C1D19FD146D84502A3E709BC /* libAppCenterReactNativeAnalytics.a */; };
		4AFFFF794A294BF5ADADABF2 /* libSplashScreen.a in Frameworks */ = {isa = PBXBuildFile; fileRef = C1042D8CA2ED4C69A36BA366 /* libSplashScreen.a */; };
		527FBC3322690A190019D069 /* libRNCWebView.a in Frameworks */ = {isa = PBXBuildFile; fileRef = 527FBC2822690A0F0019D069 /* libRNCWebView.a */; };
		529F093D22672CA200076260 /* libRCTBEEPickerManager.a in Frameworks */ = {isa = PBXBuildFile; fileRef = 529F090F22672C9700076260 /* libRCTBEEPickerManager.a */; };
		5A8B9E83386C4C569F81ECBB /* MaterialCommunityIcons.ttf in Resources */ = {isa = PBXBuildFile; fileRef = A4A09924DE814AB4B7E0E6D6 /* MaterialCommunityIcons.ttf */; };
		7CF7E6FA2238040900B41235 /* libSafariViewManager.a in Frameworks */ = {isa = PBXBuildFile; fileRef = 7CF7E6F8223803C900B41235 /* libSafariViewManager.a */; };
		7E8C207659A94B32B8D72BA0 /* Zocial.ttf in Resources */ = {isa = PBXBuildFile; fileRef = D9849BC90BA24D26974FA053 /* Zocial.ttf */; };
		832341BD1AAA6AB300B99B32 /* libRCTText.a in Frameworks */ = {isa = PBXBuildFile; fileRef = 832341B51AAA6A8300B99B32 /* libRCTText.a */; };
		8D822F1A9C4B49C88B74644E /* Ionicons.ttf in Resources */ = {isa = PBXBuildFile; fileRef = 3631ACA7960D479DBACED140 /* Ionicons.ttf */; };
		8E7E172AB6344BA1B7A3D053 /* Roboto.ttf in Resources */ = {isa = PBXBuildFile; fileRef = AA16AC4F01DB4FE6860DCAAB /* Roboto.ttf */; };
		A4051DD946A34776B4720106 /* SimpleLineIcons.ttf in Resources */ = {isa = PBXBuildFile; fileRef = D9BEF3E44D154A09AE49727E /* SimpleLineIcons.ttf */; };
		AB966F6C3C7F48998A51E208 /* MaterialIcons.ttf in Resources */ = {isa = PBXBuildFile; fileRef = 3F4C23688F94450095F33594 /* MaterialIcons.ttf */; };
		ADBDB9381DFEBF1600ED6528 /* libRCTBlob.a in Frameworks */ = {isa = PBXBuildFile; fileRef = ADBDB9271DFEBF0700ED6528 /* libRCTBlob.a */; };
		ADD47244633D4F88B5167EDB /* AntDesign.ttf in Resources */ = {isa = PBXBuildFile; fileRef = 062FAF20B5684518958F5AC6 /* AntDesign.ttf */; };
		BAD6AA5C27054C3E87419E8D /* FontAwesome5_Regular.ttf in Resources */ = {isa = PBXBuildFile; fileRef = AA54E3F36A4A46E2A3807A15 /* FontAwesome5_Regular.ttf */; };
		C0E403B44BEA4037B8A3D690 /* libRNFetchBlob.a in Frameworks */ = {isa = PBXBuildFile; fileRef = 97B155C0A1D2479B8FB33367 /* libRNFetchBlob.a */; };
		C3295DB12219EE2700E9E504 /* GoogleService-Info.plist in Resources */ = {isa = PBXBuildFile; fileRef = C3295DB02219EE2700E9E504 /* GoogleService-Info.plist */; };
		C3295E022219F46200E9E504 /* libReact.a in Frameworks */ = {isa = PBXBuildFile; fileRef = C3295E012219F46200E9E504 /* libReact.a */; };
		C3295E862219F98D00E9E504 /* libFastImage.a in Frameworks */ = {isa = PBXBuildFile; fileRef = C3295E562219F97300E9E504 /* libFastImage.a */; };
		C3EA842D21F9D74600218542 /* Roboto-Black.ttf in Resources */ = {isa = PBXBuildFile; fileRef = C3EA83EA21F9D74500218542 /* Roboto-Black.ttf */; };
		C3EA842E21F9D74600218542 /* Roboto-Italic.ttf in Resources */ = {isa = PBXBuildFile; fileRef = C3EA841E21F9D74500218542 /* Roboto-Italic.ttf */; };
		C3EA842F21F9D74600218542 /* KFCAppFont.ttf in Resources */ = {isa = PBXBuildFile; fileRef = C3EA841F21F9D74500218542 /* KFCAppFont.ttf */; };
		C3EA843021F9D74600218542 /* Roboto-Bold.ttf in Resources */ = {isa = PBXBuildFile; fileRef = C3EA842021F9D74500218542 /* Roboto-Bold.ttf */; };
		C3EA843121F9D74600218542 /* Knockout-HTF27-JuniorBantamwt.ttf in Resources */ = {isa = PBXBuildFile; fileRef = C3EA842121F9D74500218542 /* Knockout-HTF27-JuniorBantamwt.ttf */; };
		C3EA843221F9D74600218542 /* Roboto-BlackItalic.ttf in Resources */ = {isa = PBXBuildFile; fileRef = C3EA842221F9D74500218542 /* Roboto-BlackItalic.ttf */; };
		C3EA843321F9D74600218542 /* Knockout-HTF92-UltmtCruiserwt.ttf in Resources */ = {isa = PBXBuildFile; fileRef = C3EA842321F9D74500218542 /* Knockout-HTF92-UltmtCruiserwt.ttf */; };
		C3EA843421F9D74600218542 /* Roboto-BoldItalic.ttf in Resources */ = {isa = PBXBuildFile; fileRef = C3EA842421F9D74500218542 /* Roboto-BoldItalic.ttf */; };
		C3EA843521F9D74600218542 /* Roboto-ThinItalic.ttf in Resources */ = {isa = PBXBuildFile; fileRef = C3EA842521F9D74600218542 /* Roboto-ThinItalic.ttf */; };
		C3EA843621F9D74600218542 /* Roboto-MediumItalic.ttf in Resources */ = {isa = PBXBuildFile; fileRef = C3EA842621F9D74600218542 /* Roboto-MediumItalic.ttf */; };
		C3EA843721F9D74600218542 /* Roboto-Regular.ttf in Resources */ = {isa = PBXBuildFile; fileRef = C3EA842721F9D74600218542 /* Roboto-Regular.ttf */; };
		C3EA843821F9D74600218542 /* Roboto-LightItalic.ttf in Resources */ = {isa = PBXBuildFile; fileRef = C3EA842821F9D74600218542 /* Roboto-LightItalic.ttf */; };
		C3EA843921F9D74600218542 /* Roboto-Light.ttf in Resources */ = {isa = PBXBuildFile; fileRef = C3EA842921F9D74600218542 /* Roboto-Light.ttf */; };
		C3EA843A21F9D74600218542 /* Knockout-HTF68-FullFeatherwt.ttf in Resources */ = {isa = PBXBuildFile; fileRef = C3EA842A21F9D74600218542 /* Knockout-HTF68-FullFeatherwt.ttf */; };
		C3EA843B21F9D74600218542 /* Roboto-Medium.ttf in Resources */ = {isa = PBXBuildFile; fileRef = C3EA842B21F9D74600218542 /* Roboto-Medium.ttf */; };
		C3EA843C21F9D74600218542 /* Roboto-Thin.ttf in Resources */ = {isa = PBXBuildFile; fileRef = C3EA842C21F9D74600218542 /* Roboto-Thin.ttf */; };
		C73146E9611E4DD89A06470E /* Foundation.ttf in Resources */ = {isa = PBXBuildFile; fileRef = E55CB546F0814CA1BE54C7EE /* Foundation.ttf */; };
		CAAEE33B61134CBEB207903A /* FontAwesome5_Brands.ttf in Resources */ = {isa = PBXBuildFile; fileRef = A6819C0E88CF4388AAA58655 /* FontAwesome5_Brands.ttf */; };
		CADA442142BD4F19BB8144B5 /* FontAwesome5_Solid.ttf in Resources */ = {isa = PBXBuildFile; fileRef = BD2EF13984F841B48161782F /* FontAwesome5_Solid.ttf */; };
		D01EEB34CCDD41318F167603 /* Feather.ttf in Resources */ = {isa = PBXBuildFile; fileRef = 98A81D58105F4E558E1F07FD /* Feather.ttf */; };
		E20985D2BE734BE894C200EE /* libAppCenterReactNativeCrashes.a in Frameworks */ = {isa = PBXBuildFile; fileRef = 0DB4B5364D5F4A859435DC36 /* libAppCenterReactNativeCrashes.a */; };
		E499806A1B024242BFA86C03 /* EvilIcons.ttf in Resources */ = {isa = PBXBuildFile; fileRef = A6E81B6666804EDCAAF1C8B6 /* EvilIcons.ttf */; };
		E6724E66830838E92A014FE3 /* libPods-app.a in Frameworks */ = {isa = PBXBuildFile; fileRef = 600B6E3FC740844D6E8258A7 /* libPods-app.a */; };
		E919CAC4DE374E218FAF8DE7 /* libRNSVG.a in Frameworks */ = {isa = PBXBuildFile; fileRef = E935D701B18C48948BB754BF /* libRNSVG.a */; };
		E924DABC334343C39E238987 /* libRNAWSCognito.a in Frameworks */ = {isa = PBXBuildFile; fileRef = BF478092774D4F3390710825 /* libRNAWSCognito.a */; };
		E9BA305FC99D43619D4B96B2 /* Octicons.ttf in Resources */ = {isa = PBXBuildFile; fileRef = D37B9EC0034D4F9EADD01D2C /* Octicons.ttf */; };
		F2B9558F78624F729F0E85A1 /* rubicon-icon-font.ttf in Resources */ = {isa = PBXBuildFile; fileRef = C55601D783054353AA4C487F /* rubicon-icon-font.ttf */; };
/* End PBXBuildFile section */

/* Begin PBXContainerItemProxy section */
		00C302AB1ABCB8CE00DB3ED1 /* PBXContainerItemProxy */ = {
			isa = PBXContainerItemProxy;
			containerPortal = 00C302A71ABCB8CE00DB3ED1 /* RCTActionSheet.xcodeproj */;
			proxyType = 2;
			remoteGlobalIDString = 134814201AA4EA6300B7C361;
			remoteInfo = RCTActionSheet;
		};
		00C302B91ABCB90400DB3ED1 /* PBXContainerItemProxy */ = {
			isa = PBXContainerItemProxy;
			containerPortal = 00C302B51ABCB90400DB3ED1 /* RCTGeolocation.xcodeproj */;
			proxyType = 2;
			remoteGlobalIDString = 134814201AA4EA6300B7C361;
			remoteInfo = RCTGeolocation;
		};
		00C302BF1ABCB91800DB3ED1 /* PBXContainerItemProxy */ = {
			isa = PBXContainerItemProxy;
			containerPortal = 00C302BB1ABCB91800DB3ED1 /* RCTImage.xcodeproj */;
			proxyType = 2;
			remoteGlobalIDString = 58B5115D1A9E6B3D00147676;
			remoteInfo = RCTImage;
		};
		00C302DB1ABCB9D200DB3ED1 /* PBXContainerItemProxy */ = {
			isa = PBXContainerItemProxy;
			containerPortal = 00C302D31ABCB9D200DB3ED1 /* RCTNetwork.xcodeproj */;
			proxyType = 2;
			remoteGlobalIDString = 58B511DB1A9E6C8500147676;
			remoteInfo = RCTNetwork;
		};
		00C302E31ABCB9EE00DB3ED1 /* PBXContainerItemProxy */ = {
			isa = PBXContainerItemProxy;
			containerPortal = 00C302DF1ABCB9EE00DB3ED1 /* RCTVibration.xcodeproj */;
			proxyType = 2;
			remoteGlobalIDString = 832C81801AAF6DEF007FA2F7;
			remoteInfo = RCTVibration;
		};
		139105C01AF99BAD00B5F7CC /* PBXContainerItemProxy */ = {
			isa = PBXContainerItemProxy;
			containerPortal = 139105B61AF99BAD00B5F7CC /* RCTSettings.xcodeproj */;
			proxyType = 2;
			remoteGlobalIDString = 134814201AA4EA6300B7C361;
			remoteInfo = RCTSettings;
		};
		139FDEF31B06529B00C62182 /* PBXContainerItemProxy */ = {
			isa = PBXContainerItemProxy;
			containerPortal = 139FDEE61B06529A00C62182 /* RCTWebSocket.xcodeproj */;
			proxyType = 2;
			remoteGlobalIDString = 3C86DF461ADF2C930047B81A;
			remoteInfo = RCTWebSocket;
		};
		146834031AC3E56700842450 /* PBXContainerItemProxy */ = {
			isa = PBXContainerItemProxy;
			containerPortal = 146833FF1AC3E56700842450 /* React.xcodeproj */;
			proxyType = 2;
			remoteGlobalIDString = 83CBBA2E1A601D0E00E9B192;
			remoteInfo = React;
		};
		2D16E6711FA4F8DC00B85C8A /* PBXContainerItemProxy */ = {
			isa = PBXContainerItemProxy;
			containerPortal = ADBDB91F1DFEBF0600ED6528 /* RCTBlob.xcodeproj */;
			proxyType = 2;
			remoteGlobalIDString = ADD01A681E09402E00F6D226;
			remoteInfo = "RCTBlob-tvOS";
		};
		2D16E6831FA4F8DC00B85C8A /* PBXContainerItemProxy */ = {
			isa = PBXContainerItemProxy;
			containerPortal = 139FDEE61B06529A00C62182 /* RCTWebSocket.xcodeproj */;
			proxyType = 2;
			remoteGlobalIDString = 3DBE0D001F3B181A0099AA32;
			remoteInfo = fishhook;
		};
		2D16E6851FA4F8DC00B85C8A /* PBXContainerItemProxy */ = {
			isa = PBXContainerItemProxy;
			containerPortal = 139FDEE61B06529A00C62182 /* RCTWebSocket.xcodeproj */;
			proxyType = 2;
			remoteGlobalIDString = 3DBE0D0D1F3B181C0099AA32;
			remoteInfo = "fishhook-tvOS";
		};
		2DF0FFDE2056DD460020B375 /* PBXContainerItemProxy */ = {
			isa = PBXContainerItemProxy;
			containerPortal = 146833FF1AC3E56700842450 /* React.xcodeproj */;
			proxyType = 2;
			remoteGlobalIDString = EBF21BDC1FC498900052F4D5;
			remoteInfo = jsinspector;
		};
		2DF0FFE02056DD460020B375 /* PBXContainerItemProxy */ = {
			isa = PBXContainerItemProxy;
			containerPortal = 146833FF1AC3E56700842450 /* React.xcodeproj */;
			proxyType = 2;
			remoteGlobalIDString = EBF21BFA1FC4989A0052F4D5;
			remoteInfo = "jsinspector-tvOS";
		};
		2DF0FFE22056DD460020B375 /* PBXContainerItemProxy */ = {
			isa = PBXContainerItemProxy;
			containerPortal = 146833FF1AC3E56700842450 /* React.xcodeproj */;
			proxyType = 2;
			remoteGlobalIDString = 139D7ECE1E25DB7D00323FB7;
			remoteInfo = "third-party";
		};
		2DF0FFE42056DD460020B375 /* PBXContainerItemProxy */ = {
			isa = PBXContainerItemProxy;
			containerPortal = 146833FF1AC3E56700842450 /* React.xcodeproj */;
			proxyType = 2;
			remoteGlobalIDString = 3D383D3C1EBD27B6005632C8;
			remoteInfo = "third-party-tvOS";
		};
		2DF0FFE62056DD460020B375 /* PBXContainerItemProxy */ = {
			isa = PBXContainerItemProxy;
			containerPortal = 146833FF1AC3E56700842450 /* React.xcodeproj */;
			proxyType = 2;
			remoteGlobalIDString = 139D7E881E25C6D100323FB7;
			remoteInfo = "double-conversion";
		};
		2DF0FFE82056DD460020B375 /* PBXContainerItemProxy */ = {
			isa = PBXContainerItemProxy;
			containerPortal = 146833FF1AC3E56700842450 /* React.xcodeproj */;
			proxyType = 2;
			remoteGlobalIDString = 3D383D621EBD27B9005632C8;
			remoteInfo = "double-conversion-tvOS";
		};
		2DF0FFEA2056DD460020B375 /* PBXContainerItemProxy */ = {
			isa = PBXContainerItemProxy;
			containerPortal = 146833FF1AC3E56700842450 /* React.xcodeproj */;
			proxyType = 2;
			remoteGlobalIDString = 9936F3131F5F2E4B0010BF04;
			remoteInfo = privatedata;
		};
		2DF0FFEC2056DD460020B375 /* PBXContainerItemProxy */ = {
			isa = PBXContainerItemProxy;
			containerPortal = 146833FF1AC3E56700842450 /* React.xcodeproj */;
			proxyType = 2;
			remoteGlobalIDString = 9936F32F1F5F2E5B0010BF04;
			remoteInfo = "privatedata-tvOS";
		};
		3DAD3E831DF850E9000B6D8A /* PBXContainerItemProxy */ = {
			isa = PBXContainerItemProxy;
			containerPortal = 00C302BB1ABCB91800DB3ED1 /* RCTImage.xcodeproj */;
			proxyType = 2;
			remoteGlobalIDString = 2D2A283A1D9B042B00D4039D;
			remoteInfo = "RCTImage-tvOS";
		};
		3DAD3E871DF850E9000B6D8A /* PBXContainerItemProxy */ = {
			isa = PBXContainerItemProxy;
			containerPortal = 78C398B01ACF4ADC00677621 /* RCTLinking.xcodeproj */;
			proxyType = 2;
			remoteGlobalIDString = 2D2A28471D9B043800D4039D;
			remoteInfo = "RCTLinking-tvOS";
		};
		3DAD3E8B1DF850E9000B6D8A /* PBXContainerItemProxy */ = {
			isa = PBXContainerItemProxy;
			containerPortal = 00C302D31ABCB9D200DB3ED1 /* RCTNetwork.xcodeproj */;
			proxyType = 2;
			remoteGlobalIDString = 2D2A28541D9B044C00D4039D;
			remoteInfo = "RCTNetwork-tvOS";
		};
		3DAD3E8F1DF850E9000B6D8A /* PBXContainerItemProxy */ = {
			isa = PBXContainerItemProxy;
			containerPortal = 139105B61AF99BAD00B5F7CC /* RCTSettings.xcodeproj */;
			proxyType = 2;
			remoteGlobalIDString = 2D2A28611D9B046600D4039D;
			remoteInfo = "RCTSettings-tvOS";
		};
		3DAD3E931DF850E9000B6D8A /* PBXContainerItemProxy */ = {
			isa = PBXContainerItemProxy;
			containerPortal = 832341B01AAA6A8300B99B32 /* RCTText.xcodeproj */;
			proxyType = 2;
			remoteGlobalIDString = 2D2A287B1D9B048500D4039D;
			remoteInfo = "RCTText-tvOS";
		};
		3DAD3E981DF850E9000B6D8A /* PBXContainerItemProxy */ = {
			isa = PBXContainerItemProxy;
			containerPortal = 139FDEE61B06529A00C62182 /* RCTWebSocket.xcodeproj */;
			proxyType = 2;
			remoteGlobalIDString = 2D2A28881D9B049200D4039D;
			remoteInfo = "RCTWebSocket-tvOS";
		};
		3DAD3EA21DF850E9000B6D8A /* PBXContainerItemProxy */ = {
			isa = PBXContainerItemProxy;
			containerPortal = 146833FF1AC3E56700842450 /* React.xcodeproj */;
			proxyType = 2;
			remoteGlobalIDString = 2D2A28131D9B038B00D4039D;
			remoteInfo = "React-tvOS";
		};
		3DAD3EA41DF850E9000B6D8A /* PBXContainerItemProxy */ = {
			isa = PBXContainerItemProxy;
			containerPortal = 146833FF1AC3E56700842450 /* React.xcodeproj */;
			proxyType = 2;
			remoteGlobalIDString = 3D3C059A1DE3340900C268FA;
			remoteInfo = yoga;
		};
		3DAD3EA61DF850E9000B6D8A /* PBXContainerItemProxy */ = {
			isa = PBXContainerItemProxy;
			containerPortal = 146833FF1AC3E56700842450 /* React.xcodeproj */;
			proxyType = 2;
			remoteGlobalIDString = 3D3C06751DE3340C00C268FA;
			remoteInfo = "yoga-tvOS";
		};
		3DAD3EA81DF850E9000B6D8A /* PBXContainerItemProxy */ = {
			isa = PBXContainerItemProxy;
			containerPortal = 146833FF1AC3E56700842450 /* React.xcodeproj */;
			proxyType = 2;
			remoteGlobalIDString = 3D3CD9251DE5FBEC00167DC4;
			remoteInfo = cxxreact;
		};
		3DAD3EAA1DF850E9000B6D8A /* PBXContainerItemProxy */ = {
			isa = PBXContainerItemProxy;
			containerPortal = 146833FF1AC3E56700842450 /* React.xcodeproj */;
			proxyType = 2;
			remoteGlobalIDString = 3D3CD9321DE5FBEE00167DC4;
			remoteInfo = "cxxreact-tvOS";
		};
		3DAD3EAC1DF850E9000B6D8A /* PBXContainerItemProxy */ = {
			isa = PBXContainerItemProxy;
			containerPortal = 146833FF1AC3E56700842450 /* React.xcodeproj */;
			proxyType = 2;
			remoteGlobalIDString = 3D3CD90B1DE5FBD600167DC4;
			remoteInfo = jschelpers;
		};
		3DAD3EAE1DF850E9000B6D8A /* PBXContainerItemProxy */ = {
			isa = PBXContainerItemProxy;
			containerPortal = 146833FF1AC3E56700842450 /* React.xcodeproj */;
			proxyType = 2;
			remoteGlobalIDString = 3D3CD9181DE5FBD800167DC4;
			remoteInfo = "jschelpers-tvOS";
		};
		527FBC2722690A0F0019D069 /* PBXContainerItemProxy */ = {
			isa = PBXContainerItemProxy;
			containerPortal = 527FBBF622690A0F0019D069 /* RNCWebView.xcodeproj */;
			proxyType = 2;
			remoteGlobalIDString = 134814201AA4EA6300B7C361;
			remoteInfo = RNCWebView;
		};
		529F090E22672C9700076260 /* PBXContainerItemProxy */ = {
			isa = PBXContainerItemProxy;
			containerPortal = 529F090122672C9700076260 /* RCTBEEPickerManager.xcodeproj */;
			proxyType = 2;
			remoteGlobalIDString = 17D41E551D7EE0CA0031415E;
			remoteInfo = RCTBEEPickerManager;
		};
		5E9157321DD0AC6500FF2AA8 /* PBXContainerItemProxy */ = {
			isa = PBXContainerItemProxy;
			containerPortal = 5E91572D1DD0AC6500FF2AA8 /* RCTAnimation.xcodeproj */;
			proxyType = 2;
			remoteGlobalIDString = 134814201AA4EA6300B7C361;
			remoteInfo = RCTAnimation;
		};
		5E9157341DD0AC6500FF2AA8 /* PBXContainerItemProxy */ = {
			isa = PBXContainerItemProxy;
			containerPortal = 5E91572D1DD0AC6500FF2AA8 /* RCTAnimation.xcodeproj */;
			proxyType = 2;
			remoteGlobalIDString = 2D2A28201D9B03D100D4039D;
			remoteInfo = "RCTAnimation-tvOS";
		};
		78C398B81ACF4ADC00677621 /* PBXContainerItemProxy */ = {
			isa = PBXContainerItemProxy;
			containerPortal = 78C398B01ACF4ADC00677621 /* RCTLinking.xcodeproj */;
			proxyType = 2;
			remoteGlobalIDString = 134814201AA4EA6300B7C361;
			remoteInfo = RCTLinking;
		};
		7CD7BA8721F8CD1300F9BF0E /* PBXContainerItemProxy */ = {
			isa = PBXContainerItemProxy;
			containerPortal = 1435303ED895410A876DCCF7 /* AppCenterReactNative.xcodeproj */;
			proxyType = 2;
			remoteGlobalIDString = C35AEC211EF91F9300931F0C;
			remoteInfo = AppCenterReactNative;
		};
		7CD7BA8A21F8CD1300F9BF0E /* PBXContainerItemProxy */ = {
			isa = PBXContainerItemProxy;
			containerPortal = 77E3B1F5DE57480EB76A6EB5 /* RNAWSCognito.xcodeproj */;
			proxyType = 2;
			remoteGlobalIDString = 134814201AA4EA6300B7C361;
			remoteInfo = RNAWSCognito;
		};
		7CD7BAE021F8CD3900F9BF0E /* PBXContainerItemProxy */ = {
			isa = PBXContainerItemProxy;
			containerPortal = E76941FD88414040ACE00F22 /* AppCenterReactNativeAnalytics.xcodeproj */;
			proxyType = 2;
			remoteGlobalIDString = 548694001D8384E600E6685A;
			remoteInfo = AppCenterReactNativeAnalytics;
		};
		7CD7BB1C21F8CD4100F9BF0E /* PBXContainerItemProxy */ = {
			isa = PBXContainerItemProxy;
			containerPortal = 38BBA06B52C248B3AED123FB /* AppCenterReactNativeCrashes.xcodeproj */;
			proxyType = 2;
			remoteGlobalIDString = 5419C2701D824AA700DDF3A1;
			remoteInfo = AppCenterReactNativeCrashes;
		};
		7CD7BB5121F8CD5100F9BF0E /* PBXContainerItemProxy */ = {
			isa = PBXContainerItemProxy;
			containerPortal = C9D6C14C123F489B8AA58E18 /* BVLinearGradient.xcodeproj */;
			proxyType = 2;
			remoteGlobalIDString = 134814201AA4EA6300B7C361;
			remoteInfo = BVLinearGradient;
		};
		7CD7BB5321F8CD5100F9BF0E /* PBXContainerItemProxy */ = {
			isa = PBXContainerItemProxy;
			containerPortal = C9D6C14C123F489B8AA58E18 /* BVLinearGradient.xcodeproj */;
			proxyType = 2;
			remoteGlobalIDString = 64AA15081EF7F30100718508;
			remoteInfo = "BVLinearGradient-tvOS";
		};
		7CD7BB7C21F8CD5100F9BF0E /* PBXContainerItemProxy */ = {
			isa = PBXContainerItemProxy;
			containerPortal = F12EE2DCA86B46E98AEDBB8B /* RNFetchBlob.xcodeproj */;
			proxyType = 2;
			remoteGlobalIDString = A15C300E1CD25C330074CB35;
			remoteInfo = RNFetchBlob;
		};
		7CD7BB7F21F8CD5100F9BF0E /* PBXContainerItemProxy */ = {
			isa = PBXContainerItemProxy;
			containerPortal = DBE39E05A3E14869AE95002F /* RNGestureHandler.xcodeproj */;
			proxyType = 2;
			remoteGlobalIDString = 134814201AA4EA6300B7C361;
			remoteInfo = RNGestureHandler;
		};
		7CD7BB8221F8CD5100F9BF0E /* PBXContainerItemProxy */ = {
			isa = PBXContainerItemProxy;
			containerPortal = 15535109B4C94225B3849743 /* SplashScreen.xcodeproj */;
			proxyType = 2;
			remoteGlobalIDString = 3D7682761D8E76B80014119E;
			remoteInfo = SplashScreen;
		};
		7CD7BB8B21F8CD5200F9BF0E /* PBXContainerItemProxy */ = {
			isa = PBXContainerItemProxy;
			containerPortal = EAD8D0E7FA6A420C80A86E7E /* RNImagePicker.xcodeproj */;
			proxyType = 2;
			remoteGlobalIDString = 014A3B5C1C6CF33500B6D375;
			remoteInfo = RNImagePicker;
		};
		7CD7BB8F21F8CD5200F9BF0E /* PBXContainerItemProxy */ = {
			isa = PBXContainerItemProxy;
			containerPortal = 4217CC53F5AA436E93212852 /* RNSVG.xcodeproj */;
			proxyType = 2;
			remoteGlobalIDString = 0CF68AC11AF0540F00FF9E5C;
			remoteInfo = RNSVG;
		};
		7CD7BB9121F8CD5200F9BF0E /* PBXContainerItemProxy */ = {
			isa = PBXContainerItemProxy;
			containerPortal = 4217CC53F5AA436E93212852 /* RNSVG.xcodeproj */;
			proxyType = 2;
			remoteGlobalIDString = 94DDAC5C1F3D024300EED511;
			remoteInfo = "RNSVG-tvOS";
		};
		7CD7BB9521F8CD5200F9BF0E /* PBXContainerItemProxy */ = {
			isa = PBXContainerItemProxy;
			containerPortal = 23706193732D4905BE05432A /* RNVectorIcons.xcodeproj */;
			proxyType = 2;
			remoteGlobalIDString = 5DBEB1501B18CEA900B34395;
			remoteInfo = RNVectorIcons;
		};
		7CD7BB9721F8CD5200F9BF0E /* PBXContainerItemProxy */ = {
			isa = PBXContainerItemProxy;
			containerPortal = 23706193732D4905BE05432A /* RNVectorIcons.xcodeproj */;
			proxyType = 2;
			remoteGlobalIDString = A39873CE1EA65EE60051E01A;
			remoteInfo = "RNVectorIcons-tvOS";
		};
		7CF7E6F7223803C900B41235 /* PBXContainerItemProxy */ = {
			isa = PBXContainerItemProxy;
			containerPortal = 7CF7E6BF223803C900B41235 /* SafariViewManager.xcodeproj */;
			proxyType = 2;
			remoteGlobalIDString = 134814201AA4EA6300B7C361;
			remoteInfo = SafariViewManager;
		};
		832341B41AAA6A8300B99B32 /* PBXContainerItemProxy */ = {
			isa = PBXContainerItemProxy;
			containerPortal = 832341B01AAA6A8300B99B32 /* RCTText.xcodeproj */;
			proxyType = 2;
			remoteGlobalIDString = 58B5119B1A9E6C1200147676;
			remoteInfo = RCTText;
		};
		ADBDB9261DFEBF0700ED6528 /* PBXContainerItemProxy */ = {
			isa = PBXContainerItemProxy;
			containerPortal = ADBDB91F1DFEBF0600ED6528 /* RCTBlob.xcodeproj */;
			proxyType = 2;
			remoteGlobalIDString = 358F4ED71D1E81A9004DF814;
			remoteInfo = RCTBlob;
		};
		C3295DAE2219EE0A00E9E504 /* PBXContainerItemProxy */ = {
			isa = PBXContainerItemProxy;
			containerPortal = 8561F5F6393B49389A8916A5 /* RNFirebase.xcodeproj */;
			proxyType = 2;
			remoteGlobalIDString = 134814201AA4EA6300B7C361;
			remoteInfo = RNFirebase;
		};
		C3295E552219F97300E9E504 /* PBXContainerItemProxy */ = {
			isa = PBXContainerItemProxy;
			containerPortal = C3295E4B2219F97300E9E504 /* FastImage.xcodeproj */;
			proxyType = 2;
			remoteGlobalIDString = A287971D1DE0C0A60081BDFA;
			remoteInfo = FastImage;
		};
/* End PBXContainerItemProxy section */

/* Begin PBXFileReference section */
		008F07F21AC5B25A0029DE68 /* main.jsbundle */ = {isa = PBXFileReference; fileEncoding = 4; lastKnownFileType = text; path = main.jsbundle; sourceTree = "<group>"; };
		00C302A71ABCB8CE00DB3ED1 /* RCTActionSheet.xcodeproj */ = {isa = PBXFileReference; lastKnownFileType = "wrapper.pb-project"; name = RCTActionSheet.xcodeproj; path = "../node_modules/react-native/Libraries/ActionSheetIOS/RCTActionSheet.xcodeproj"; sourceTree = "<group>"; };
		00C302B51ABCB90400DB3ED1 /* RCTGeolocation.xcodeproj */ = {isa = PBXFileReference; lastKnownFileType = "wrapper.pb-project"; name = RCTGeolocation.xcodeproj; path = "../node_modules/react-native/Libraries/Geolocation/RCTGeolocation.xcodeproj"; sourceTree = "<group>"; };
		00C302BB1ABCB91800DB3ED1 /* RCTImage.xcodeproj */ = {isa = PBXFileReference; lastKnownFileType = "wrapper.pb-project"; name = RCTImage.xcodeproj; path = "../node_modules/react-native/Libraries/Image/RCTImage.xcodeproj"; sourceTree = "<group>"; };
		00C302D31ABCB9D200DB3ED1 /* RCTNetwork.xcodeproj */ = {isa = PBXFileReference; lastKnownFileType = "wrapper.pb-project"; name = RCTNetwork.xcodeproj; path = "../node_modules/react-native/Libraries/Network/RCTNetwork.xcodeproj"; sourceTree = "<group>"; };
		00C302DF1ABCB9EE00DB3ED1 /* RCTVibration.xcodeproj */ = {isa = PBXFileReference; lastKnownFileType = "wrapper.pb-project"; name = RCTVibration.xcodeproj; path = "../node_modules/react-native/Libraries/Vibration/RCTVibration.xcodeproj"; sourceTree = "<group>"; };
		062FAF20B5684518958F5AC6 /* AntDesign.ttf */ = {isa = PBXFileReference; explicitFileType = undefined; fileEncoding = 9; includeInIndex = 0; lastKnownFileType = unknown; name = AntDesign.ttf; path = "../node_modules/native-base/Fonts/AntDesign.ttf"; sourceTree = "<group>"; };
		0DB4B5364D5F4A859435DC36 /* libAppCenterReactNativeCrashes.a */ = {isa = PBXFileReference; explicitFileType = undefined; fileEncoding = 9; includeInIndex = 0; lastKnownFileType = archive.ar; path = libAppCenterReactNativeCrashes.a; sourceTree = "<group>"; };
		139105B61AF99BAD00B5F7CC /* RCTSettings.xcodeproj */ = {isa = PBXFileReference; lastKnownFileType = "wrapper.pb-project"; name = RCTSettings.xcodeproj; path = "../node_modules/react-native/Libraries/Settings/RCTSettings.xcodeproj"; sourceTree = "<group>"; };
		139FDEE61B06529A00C62182 /* RCTWebSocket.xcodeproj */ = {isa = PBXFileReference; lastKnownFileType = "wrapper.pb-project"; name = RCTWebSocket.xcodeproj; path = "../node_modules/react-native/Libraries/WebSocket/RCTWebSocket.xcodeproj"; sourceTree = "<group>"; };
		13B07F961A680F5B00A75B9A /* app.app */ = {isa = PBXFileReference; explicitFileType = wrapper.application; includeInIndex = 0; path = app.app; sourceTree = BUILT_PRODUCTS_DIR; };
		13B07FAF1A68108700A75B9A /* AppDelegate.h */ = {isa = PBXFileReference; fileEncoding = 4; lastKnownFileType = sourcecode.c.h; name = AppDelegate.h; path = app/AppDelegate.h; sourceTree = "<group>"; };
		13B07FB01A68108700A75B9A /* AppDelegate.m */ = {isa = PBXFileReference; fileEncoding = 4; lastKnownFileType = sourcecode.c.objc; name = AppDelegate.m; path = app/AppDelegate.m; sourceTree = "<group>"; };
		13B07FB21A68108700A75B9A /* Base */ = {isa = PBXFileReference; lastKnownFileType = file.xib; name = Base; path = Base.lproj/LaunchScreen.xib; sourceTree = "<group>"; };
		13B07FB51A68108700A75B9A /* Images.xcassets */ = {isa = PBXFileReference; lastKnownFileType = folder.assetcatalog; name = Images.xcassets; path = app/Images.xcassets; sourceTree = "<group>"; };
		13B07FB61A68108700A75B9A /* Info.plist */ = {isa = PBXFileReference; fileEncoding = 4; lastKnownFileType = text.plist.xml; name = Info.plist; path = app/Info.plist; sourceTree = "<group>"; };
		13B07FB71A68108700A75B9A /* main.m */ = {isa = PBXFileReference; fileEncoding = 4; lastKnownFileType = sourcecode.c.objc; name = main.m; path = app/main.m; sourceTree = "<group>"; };
		1435303ED895410A876DCCF7 /* AppCenterReactNative.xcodeproj */ = {isa = PBXFileReference; explicitFileType = undefined; fileEncoding = 9; includeInIndex = 0; lastKnownFileType = "wrapper.pb-project"; name = AppCenterReactNative.xcodeproj; path = ../node_modules/appcenter/ios/AppCenterReactNative.xcodeproj; sourceTree = "<group>"; };
		146833FF1AC3E56700842450 /* React.xcodeproj */ = {isa = PBXFileReference; lastKnownFileType = "wrapper.pb-project"; name = React.xcodeproj; path = "../node_modules/react-native/React/React.xcodeproj"; sourceTree = "<group>"; };
		15535109B4C94225B3849743 /* SplashScreen.xcodeproj */ = {isa = PBXFileReference; explicitFileType = undefined; fileEncoding = 9; includeInIndex = 0; lastKnownFileType = "wrapper.pb-project"; name = SplashScreen.xcodeproj; path = "../node_modules/react-native-splash-screen/ios/SplashScreen.xcodeproj"; sourceTree = "<group>"; };
		15BE1C3829E94ADC8FE0A356 /* libAppCenterReactNative.a */ = {isa = PBXFileReference; explicitFileType = undefined; fileEncoding = 9; includeInIndex = 0; lastKnownFileType = archive.ar; path = libAppCenterReactNative.a; sourceTree = "<group>"; };
		1E4CB8B3B3FF42C8BB78906F /* Entypo.ttf */ = {isa = PBXFileReference; explicitFileType = undefined; fileEncoding = 9; includeInIndex = 0; lastKnownFileType = unknown; name = Entypo.ttf; path = "../node_modules/native-base/Fonts/Entypo.ttf"; sourceTree = "<group>"; };
		23706193732D4905BE05432A /* RNVectorIcons.xcodeproj */ = {isa = PBXFileReference; explicitFileType = undefined; fileEncoding = 9; includeInIndex = 0; lastKnownFileType = "wrapper.pb-project"; name = RNVectorIcons.xcodeproj; path = "../node_modules/react-native-vector-icons/RNVectorIcons.xcodeproj"; sourceTree = "<group>"; };
		265AE88E6E42D0FB3F0D6C45 /* Pods-app.debug.xcconfig */ = {isa = PBXFileReference; includeInIndex = 1; lastKnownFileType = text.xcconfig; name = "Pods-app.debug.xcconfig"; path = "Pods/Target Support Files/Pods-app/Pods-app.debug.xcconfig"; sourceTree = "<group>"; };
		2D16E6891FA4F8E400B85C8A /* libReact.a */ = {isa = PBXFileReference; explicitFileType = archive.ar; path = libReact.a; sourceTree = BUILT_PRODUCTS_DIR; };
		3631ACA7960D479DBACED140 /* Ionicons.ttf */ = {isa = PBXFileReference; explicitFileType = undefined; fileEncoding = 9; includeInIndex = 0; lastKnownFileType = unknown; name = Ionicons.ttf; path = "../node_modules/native-base/Fonts/Ionicons.ttf"; sourceTree = "<group>"; };
		36DFD6CCA29B4AAC99885669 /* libRNGestureHandler.a */ = {isa = PBXFileReference; explicitFileType = undefined; fileEncoding = 9; includeInIndex = 0; lastKnownFileType = archive.ar; path = libRNGestureHandler.a; sourceTree = "<group>"; };
		38BBA06B52C248B3AED123FB /* AppCenterReactNativeCrashes.xcodeproj */ = {isa = PBXFileReference; explicitFileType = undefined; fileEncoding = 9; includeInIndex = 0; lastKnownFileType = "wrapper.pb-project"; name = AppCenterReactNativeCrashes.xcodeproj; path = "../node_modules/appcenter-crashes/ios/AppCenterReactNativeCrashes.xcodeproj"; sourceTree = "<group>"; };
		3C3AB6348525483780B33D8E /* libRNFirebase.a */ = {isa = PBXFileReference; explicitFileType = undefined; fileEncoding = 9; includeInIndex = 0; lastKnownFileType = archive.ar; path = libRNFirebase.a; sourceTree = "<group>"; };
		3F4C23688F94450095F33594 /* MaterialIcons.ttf */ = {isa = PBXFileReference; explicitFileType = undefined; fileEncoding = 9; includeInIndex = 0; lastKnownFileType = unknown; name = MaterialIcons.ttf; path = "../node_modules/native-base/Fonts/MaterialIcons.ttf"; sourceTree = "<group>"; };
		4217CC53F5AA436E93212852 /* RNSVG.xcodeproj */ = {isa = PBXFileReference; explicitFileType = undefined; fileEncoding = 9; includeInIndex = 0; lastKnownFileType = "wrapper.pb-project"; name = RNSVG.xcodeproj; path = "../node_modules/react-native-svg/ios/RNSVG.xcodeproj"; sourceTree = "<group>"; };
		527FBBF622690A0F0019D069 /* RNCWebView.xcodeproj */ = {isa = PBXFileReference; lastKnownFileType = "wrapper.pb-project"; name = RNCWebView.xcodeproj; path = "../node_modules/react-native-webview/ios/RNCWebView.xcodeproj"; sourceTree = "<group>"; };
		529F090122672C9700076260 /* RCTBEEPickerManager.xcodeproj */ = {isa = PBXFileReference; lastKnownFileType = "wrapper.pb-project"; name = RCTBEEPickerManager.xcodeproj; path = "../node_modules/react-native-picker/ios/RCTBEEPickerManager.xcodeproj"; sourceTree = "<group>"; };
		5E91572D1DD0AC6500FF2AA8 /* RCTAnimation.xcodeproj */ = {isa = PBXFileReference; lastKnownFileType = "wrapper.pb-project"; name = RCTAnimation.xcodeproj; path = "../node_modules/react-native/Libraries/NativeAnimation/RCTAnimation.xcodeproj"; sourceTree = "<group>"; };
		5F6D47FA02234F0EA3CE711E /* AppCenter-Config.plist */ = {isa = PBXFileReference; explicitFileType = undefined; fileEncoding = 4; includeInIndex = 0; lastKnownFileType = text.plist.xml; name = "AppCenter-Config.plist"; path = "app/AppCenter-Config.plist"; sourceTree = "<group>"; };
		600B6E3FC740844D6E8258A7 /* libPods-app.a */ = {isa = PBXFileReference; explicitFileType = archive.ar; includeInIndex = 0; path = "libPods-app.a"; sourceTree = BUILT_PRODUCTS_DIR; };
		77E3B1F5DE57480EB76A6EB5 /* RNAWSCognito.xcodeproj */ = {isa = PBXFileReference; explicitFileType = undefined; fileEncoding = 9; includeInIndex = 0; lastKnownFileType = "wrapper.pb-project"; name = RNAWSCognito.xcodeproj; path = "../node_modules/amazon-cognito-identity-js/ios/RNAWSCognito.xcodeproj"; sourceTree = "<group>"; };
		78C398B01ACF4ADC00677621 /* RCTLinking.xcodeproj */ = {isa = PBXFileReference; lastKnownFileType = "wrapper.pb-project"; name = RCTLinking.xcodeproj; path = "../node_modules/react-native/Libraries/LinkingIOS/RCTLinking.xcodeproj"; sourceTree = "<group>"; };
		7CF7E6BF223803C900B41235 /* SafariViewManager.xcodeproj */ = {isa = PBXFileReference; lastKnownFileType = "wrapper.pb-project"; name = SafariViewManager.xcodeproj; path = "../node_modules/react-native-safari-view/SafariViewManager.xcodeproj"; sourceTree = "<group>"; };
		832341B01AAA6A8300B99B32 /* RCTText.xcodeproj */ = {isa = PBXFileReference; lastKnownFileType = "wrapper.pb-project"; name = RCTText.xcodeproj; path = "../node_modules/react-native/Libraries/Text/RCTText.xcodeproj"; sourceTree = "<group>"; };
		8561F5F6393B49389A8916A5 /* RNFirebase.xcodeproj */ = {isa = PBXFileReference; explicitFileType = undefined; fileEncoding = 9; includeInIndex = 0; lastKnownFileType = "wrapper.pb-project"; name = RNFirebase.xcodeproj; path = "../node_modules/react-native-firebase/ios/RNFirebase.xcodeproj"; sourceTree = "<group>"; };
		8DDD40934F46435D85491CCE /* libBVLinearGradient.a */ = {isa = PBXFileReference; explicitFileType = undefined; fileEncoding = 9; includeInIndex = 0; lastKnownFileType = archive.ar; path = libBVLinearGradient.a; sourceTree = "<group>"; };
		8E77769934DCDEE2930E4D8A /* Pods-app.release.xcconfig */ = {isa = PBXFileReference; includeInIndex = 1; lastKnownFileType = text.xcconfig; name = "Pods-app.release.xcconfig"; path = "Pods/Target Support Files/Pods-app/Pods-app.release.xcconfig"; sourceTree = "<group>"; };
		97B155C0A1D2479B8FB33367 /* libRNFetchBlob.a */ = {isa = PBXFileReference; explicitFileType = undefined; fileEncoding = 9; includeInIndex = 0; lastKnownFileType = archive.ar; path = libRNFetchBlob.a; sourceTree = "<group>"; };
		98A81D58105F4E558E1F07FD /* Feather.ttf */ = {isa = PBXFileReference; explicitFileType = undefined; fileEncoding = 9; includeInIndex = 0; lastKnownFileType = unknown; name = Feather.ttf; path = "../node_modules/native-base/Fonts/Feather.ttf"; sourceTree = "<group>"; };
		A4A09924DE814AB4B7E0E6D6 /* MaterialCommunityIcons.ttf */ = {isa = PBXFileReference; explicitFileType = undefined; fileEncoding = 9; includeInIndex = 0; lastKnownFileType = unknown; name = MaterialCommunityIcons.ttf; path = "../node_modules/native-base/Fonts/MaterialCommunityIcons.ttf"; sourceTree = "<group>"; };
		A5AA99A24F284F3F85879ECF /* libRNImagePicker.a */ = {isa = PBXFileReference; explicitFileType = undefined; fileEncoding = 9; includeInIndex = 0; lastKnownFileType = archive.ar; path = libRNImagePicker.a; sourceTree = "<group>"; };
		A6819C0E88CF4388AAA58655 /* FontAwesome5_Brands.ttf */ = {isa = PBXFileReference; explicitFileType = undefined; fileEncoding = 9; includeInIndex = 0; lastKnownFileType = unknown; name = FontAwesome5_Brands.ttf; path = "../node_modules/native-base/Fonts/FontAwesome5_Brands.ttf"; sourceTree = "<group>"; };
		A6E81B6666804EDCAAF1C8B6 /* EvilIcons.ttf */ = {isa = PBXFileReference; explicitFileType = undefined; fileEncoding = 9; includeInIndex = 0; lastKnownFileType = unknown; name = EvilIcons.ttf; path = "../node_modules/native-base/Fonts/EvilIcons.ttf"; sourceTree = "<group>"; };
		AA16AC4F01DB4FE6860DCAAB /* Roboto.ttf */ = {isa = PBXFileReference; explicitFileType = undefined; fileEncoding = 9; includeInIndex = 0; lastKnownFileType = unknown; name = Roboto.ttf; path = "../node_modules/native-base/Fonts/Roboto.ttf"; sourceTree = "<group>"; };
		AA54E3F36A4A46E2A3807A15 /* FontAwesome5_Regular.ttf */ = {isa = PBXFileReference; explicitFileType = undefined; fileEncoding = 9; includeInIndex = 0; lastKnownFileType = unknown; name = FontAwesome5_Regular.ttf; path = "../node_modules/native-base/Fonts/FontAwesome5_Regular.ttf"; sourceTree = "<group>"; };
		AA9D2F8E66894540B45E84BD /* libRNVectorIcons.a */ = {isa = PBXFileReference; explicitFileType = undefined; fileEncoding = 9; includeInIndex = 0; lastKnownFileType = archive.ar; path = libRNVectorIcons.a; sourceTree = "<group>"; };
		AB4D7A74A40049669D0F755C /* FontAwesome.ttf */ = {isa = PBXFileReference; explicitFileType = undefined; fileEncoding = 9; includeInIndex = 0; lastKnownFileType = unknown; name = FontAwesome.ttf; path = "../node_modules/native-base/Fonts/FontAwesome.ttf"; sourceTree = "<group>"; };
		ADBDB91F1DFEBF0600ED6528 /* RCTBlob.xcodeproj */ = {isa = PBXFileReference; lastKnownFileType = "wrapper.pb-project"; name = RCTBlob.xcodeproj; path = "../node_modules/react-native/Libraries/Blob/RCTBlob.xcodeproj"; sourceTree = "<group>"; };
		BD2EF13984F841B48161782F /* FontAwesome5_Solid.ttf */ = {isa = PBXFileReference; explicitFileType = undefined; fileEncoding = 9; includeInIndex = 0; lastKnownFileType = unknown; name = FontAwesome5_Solid.ttf; path = "../node_modules/native-base/Fonts/FontAwesome5_Solid.ttf"; sourceTree = "<group>"; };
		BF478092774D4F3390710825 /* libRNAWSCognito.a */ = {isa = PBXFileReference; explicitFileType = undefined; fileEncoding = 9; includeInIndex = 0; lastKnownFileType = archive.ar; path = libRNAWSCognito.a; sourceTree = "<group>"; };
		C1042D8CA2ED4C69A36BA366 /* libSplashScreen.a */ = {isa = PBXFileReference; explicitFileType = undefined; fileEncoding = 9; includeInIndex = 0; lastKnownFileType = archive.ar; path = libSplashScreen.a; sourceTree = "<group>"; };
		C1D19FD146D84502A3E709BC /* libAppCenterReactNativeAnalytics.a */ = {isa = PBXFileReference; explicitFileType = undefined; fileEncoding = 9; includeInIndex = 0; lastKnownFileType = archive.ar; path = libAppCenterReactNativeAnalytics.a; sourceTree = "<group>"; };
		C3295DB02219EE2700E9E504 /* GoogleService-Info.plist */ = {isa = PBXFileReference; fileEncoding = 4; lastKnownFileType = text.plist.xml; name = "GoogleService-Info.plist"; path = "app/GoogleService-Info.plist"; sourceTree = "<group>"; };
		C3295E012219F46200E9E504 /* libReact.a */ = {isa = PBXFileReference; explicitFileType = archive.ar; path = libReact.a; sourceTree = BUILT_PRODUCTS_DIR; };
		C3295E4B2219F97300E9E504 /* FastImage.xcodeproj */ = {isa = PBXFileReference; lastKnownFileType = "wrapper.pb-project"; name = FastImage.xcodeproj; path = "../node_modules/react-native-fast-image/ios/FastImage.xcodeproj"; sourceTree = "<group>"; };
		C3EA83EA21F9D74500218542 /* Roboto-Black.ttf */ = {isa = PBXFileReference; lastKnownFileType = file; name = "Roboto-Black.ttf"; path = "../src/assets/fonts/Roboto-Black.ttf"; sourceTree = "<group>"; };
		C3EA841E21F9D74500218542 /* Roboto-Italic.ttf */ = {isa = PBXFileReference; lastKnownFileType = file; name = "Roboto-Italic.ttf"; path = "../src/assets/fonts/Roboto-Italic.ttf"; sourceTree = "<group>"; };
		C3EA841F21F9D74500218542 /* KFCAppFont.ttf */ = {isa = PBXFileReference; lastKnownFileType = file; name = KFCAppFont.ttf; path = ../src/assets/fonts/KFCAppFont.ttf; sourceTree = "<group>"; };
		C3EA842021F9D74500218542 /* Roboto-Bold.ttf */ = {isa = PBXFileReference; lastKnownFileType = file; name = "Roboto-Bold.ttf"; path = "../src/assets/fonts/Roboto-Bold.ttf"; sourceTree = "<group>"; };
		C3EA842121F9D74500218542 /* Knockout-HTF27-JuniorBantamwt.ttf */ = {isa = PBXFileReference; lastKnownFileType = file; name = "Knockout-HTF27-JuniorBantamwt.ttf"; path = "../src/assets/fonts/Knockout-HTF27-JuniorBantamwt.ttf"; sourceTree = "<group>"; };
		C3EA842221F9D74500218542 /* Roboto-BlackItalic.ttf */ = {isa = PBXFileReference; lastKnownFileType = file; name = "Roboto-BlackItalic.ttf"; path = "../src/assets/fonts/Roboto-BlackItalic.ttf"; sourceTree = "<group>"; };
		C3EA842321F9D74500218542 /* Knockout-HTF92-UltmtCruiserwt.ttf */ = {isa = PBXFileReference; lastKnownFileType = file; name = "Knockout-HTF92-UltmtCruiserwt.ttf"; path = "../src/assets/fonts/Knockout-HTF92-UltmtCruiserwt.ttf"; sourceTree = "<group>"; };
		C3EA842421F9D74500218542 /* Roboto-BoldItalic.ttf */ = {isa = PBXFileReference; lastKnownFileType = file; name = "Roboto-BoldItalic.ttf"; path = "../src/assets/fonts/Roboto-BoldItalic.ttf"; sourceTree = "<group>"; };
		C3EA842521F9D74600218542 /* Roboto-ThinItalic.ttf */ = {isa = PBXFileReference; lastKnownFileType = file; name = "Roboto-ThinItalic.ttf"; path = "../src/assets/fonts/Roboto-ThinItalic.ttf"; sourceTree = "<group>"; };
		C3EA842621F9D74600218542 /* Roboto-MediumItalic.ttf */ = {isa = PBXFileReference; lastKnownFileType = file; name = "Roboto-MediumItalic.ttf"; path = "../src/assets/fonts/Roboto-MediumItalic.ttf"; sourceTree = "<group>"; };
		C3EA842721F9D74600218542 /* Roboto-Regular.ttf */ = {isa = PBXFileReference; lastKnownFileType = file; name = "Roboto-Regular.ttf"; path = "../src/assets/fonts/Roboto-Regular.ttf"; sourceTree = "<group>"; };
		C3EA842821F9D74600218542 /* Roboto-LightItalic.ttf */ = {isa = PBXFileReference; lastKnownFileType = file; name = "Roboto-LightItalic.ttf"; path = "../src/assets/fonts/Roboto-LightItalic.ttf"; sourceTree = "<group>"; };
		C3EA842921F9D74600218542 /* Roboto-Light.ttf */ = {isa = PBXFileReference; lastKnownFileType = file; name = "Roboto-Light.ttf"; path = "../src/assets/fonts/Roboto-Light.ttf"; sourceTree = "<group>"; };
		C3EA842A21F9D74600218542 /* Knockout-HTF68-FullFeatherwt.ttf */ = {isa = PBXFileReference; lastKnownFileType = file; name = "Knockout-HTF68-FullFeatherwt.ttf"; path = "../src/assets/fonts/Knockout-HTF68-FullFeatherwt.ttf"; sourceTree = "<group>"; };
		C3EA842B21F9D74600218542 /* Roboto-Medium.ttf */ = {isa = PBXFileReference; lastKnownFileType = file; name = "Roboto-Medium.ttf"; path = "../src/assets/fonts/Roboto-Medium.ttf"; sourceTree = "<group>"; };
		C3EA842C21F9D74600218542 /* Roboto-Thin.ttf */ = {isa = PBXFileReference; lastKnownFileType = file; name = "Roboto-Thin.ttf"; path = "../src/assets/fonts/Roboto-Thin.ttf"; sourceTree = "<group>"; };
		C55601D783054353AA4C487F /* rubicon-icon-font.ttf */ = {isa = PBXFileReference; explicitFileType = undefined; fileEncoding = 9; includeInIndex = 0; lastKnownFileType = unknown; name = "rubicon-icon-font.ttf"; path = "../node_modules/native-base/Fonts/rubicon-icon-font.ttf"; sourceTree = "<group>"; };
		C9D6C14C123F489B8AA58E18 /* BVLinearGradient.xcodeproj */ = {isa = PBXFileReference; explicitFileType = undefined; fileEncoding = 9; includeInIndex = 0; lastKnownFileType = "wrapper.pb-project"; name = BVLinearGradient.xcodeproj; path = "../node_modules/react-native-linear-gradient/BVLinearGradient.xcodeproj"; sourceTree = "<group>"; };
		D37B9EC0034D4F9EADD01D2C /* Octicons.ttf */ = {isa = PBXFileReference; explicitFileType = undefined; fileEncoding = 9; includeInIndex = 0; lastKnownFileType = unknown; name = Octicons.ttf; path = "../node_modules/native-base/Fonts/Octicons.ttf"; sourceTree = "<group>"; };
		D9849BC90BA24D26974FA053 /* Zocial.ttf */ = {isa = PBXFileReference; explicitFileType = undefined; fileEncoding = 9; includeInIndex = 0; lastKnownFileType = unknown; name = Zocial.ttf; path = "../node_modules/native-base/Fonts/Zocial.ttf"; sourceTree = "<group>"; };
		D9BEF3E44D154A09AE49727E /* SimpleLineIcons.ttf */ = {isa = PBXFileReference; explicitFileType = undefined; fileEncoding = 9; includeInIndex = 0; lastKnownFileType = unknown; name = SimpleLineIcons.ttf; path = "../node_modules/native-base/Fonts/SimpleLineIcons.ttf"; sourceTree = "<group>"; };
		DBE39E05A3E14869AE95002F /* RNGestureHandler.xcodeproj */ = {isa = PBXFileReference; explicitFileType = undefined; fileEncoding = 9; includeInIndex = 0; lastKnownFileType = "wrapper.pb-project"; name = RNGestureHandler.xcodeproj; path = "../node_modules/react-native-gesture-handler/ios/RNGestureHandler.xcodeproj"; sourceTree = "<group>"; };
		E55CB546F0814CA1BE54C7EE /* Foundation.ttf */ = {isa = PBXFileReference; explicitFileType = undefined; fileEncoding = 9; includeInIndex = 0; lastKnownFileType = unknown; name = Foundation.ttf; path = "../node_modules/native-base/Fonts/Foundation.ttf"; sourceTree = "<group>"; };
		E76941FD88414040ACE00F22 /* AppCenterReactNativeAnalytics.xcodeproj */ = {isa = PBXFileReference; explicitFileType = undefined; fileEncoding = 9; includeInIndex = 0; lastKnownFileType = "wrapper.pb-project"; name = AppCenterReactNativeAnalytics.xcodeproj; path = "../node_modules/appcenter-analytics/ios/AppCenterReactNativeAnalytics.xcodeproj"; sourceTree = "<group>"; };
		E935D701B18C48948BB754BF /* libRNSVG.a */ = {isa = PBXFileReference; explicitFileType = undefined; fileEncoding = 9; includeInIndex = 0; lastKnownFileType = archive.ar; path = libRNSVG.a; sourceTree = "<group>"; };
		EAD8D0E7FA6A420C80A86E7E /* RNImagePicker.xcodeproj */ = {isa = PBXFileReference; explicitFileType = undefined; fileEncoding = 9; includeInIndex = 0; lastKnownFileType = "wrapper.pb-project"; name = RNImagePicker.xcodeproj; path = "../node_modules/react-native-image-picker/ios/RNImagePicker.xcodeproj"; sourceTree = "<group>"; };
		F12EE2DCA86B46E98AEDBB8B /* RNFetchBlob.xcodeproj */ = {isa = PBXFileReference; explicitFileType = undefined; fileEncoding = 9; includeInIndex = 0; lastKnownFileType = "wrapper.pb-project"; name = RNFetchBlob.xcodeproj; path = "../node_modules/rn-fetch-blob/ios/RNFetchBlob.xcodeproj"; sourceTree = "<group>"; };
/* End PBXFileReference section */

/* Begin PBXFrameworksBuildPhase section */
		13B07F8C1A680F5B00A75B9A /* Frameworks */ = {
			isa = PBXFrameworksBuildPhase;
			buildActionMask = 2147483647;
			files = (
				527FBC3322690A190019D069 /* libRNCWebView.a in Frameworks */,
				529F093D22672CA200076260 /* libRCTBEEPickerManager.a in Frameworks */,
				7CF7E6FA2238040900B41235 /* libSafariViewManager.a in Frameworks */,
				C3295E862219F98D00E9E504 /* libFastImage.a in Frameworks */,
				C3295E022219F46200E9E504 /* libReact.a in Frameworks */,
				ADBDB9381DFEBF1600ED6528 /* libRCTBlob.a in Frameworks */,
				11D1A2F320CAFA9E000508D9 /* libRCTAnimation.a in Frameworks */,
				00C302E51ABCBA2D00DB3ED1 /* libRCTActionSheet.a in Frameworks */,
				00C302E71ABCBA2D00DB3ED1 /* libRCTGeolocation.a in Frameworks */,
				00C302E81ABCBA2D00DB3ED1 /* libRCTImage.a in Frameworks */,
				133E29F31AD74F7200F7D852 /* libRCTLinking.a in Frameworks */,
				00C302E91ABCBA2D00DB3ED1 /* libRCTNetwork.a in Frameworks */,
				139105C61AF99C1200B5F7CC /* libRCTSettings.a in Frameworks */,
				832341BD1AAA6AB300B99B32 /* libRCTText.a in Frameworks */,
				00C302EA1ABCBA2D00DB3ED1 /* libRCTVibration.a in Frameworks */,
				139FDEF61B0652A700C62182 /* libRCTWebSocket.a in Frameworks */,
				E924DABC334343C39E238987 /* libRNAWSCognito.a in Frameworks */,
				12385CF0207341A0B0EDB6DA /* libAppCenterReactNative.a in Frameworks */,
				E6724E66830838E92A014FE3 /* libPods-app.a in Frameworks */,
				3FBB4A6755104CEE9EA2F98F /* libAppCenterReactNativeAnalytics.a in Frameworks */,
				E20985D2BE734BE894C200EE /* libAppCenterReactNativeCrashes.a in Frameworks */,
				1755704921EF41D79F6B2F69 /* libRNGestureHandler.a in Frameworks */,
				0AC72BFE636D4607A94FF950 /* libRNImagePicker.a in Frameworks */,
				3C7F56F483104A91BD17EDAC /* libBVLinearGradient.a in Frameworks */,
				4AFFFF794A294BF5ADADABF2 /* libSplashScreen.a in Frameworks */,
				E919CAC4DE374E218FAF8DE7 /* libRNSVG.a in Frameworks */,
				148E396C3E804A14AE432FB0 /* libRNVectorIcons.a in Frameworks */,
				C0E403B44BEA4037B8A3D690 /* libRNFetchBlob.a in Frameworks */,
				2D559EE5354B4575AA670E8B /* libRNFirebase.a in Frameworks */,
			);
			runOnlyForDeploymentPostprocessing = 0;
		};
/* End PBXFrameworksBuildPhase section */

/* Begin PBXGroup section */
		00C302A81ABCB8CE00DB3ED1 /* Products */ = {
			isa = PBXGroup;
			children = (
				00C302AC1ABCB8CE00DB3ED1 /* libRCTActionSheet.a */,
			);
			name = Products;
			sourceTree = "<group>";
		};
		00C302B61ABCB90400DB3ED1 /* Products */ = {
			isa = PBXGroup;
			children = (
				00C302BA1ABCB90400DB3ED1 /* libRCTGeolocation.a */,
			);
			name = Products;
			sourceTree = "<group>";
		};
		00C302BC1ABCB91800DB3ED1 /* Products */ = {
			isa = PBXGroup;
			children = (
				00C302C01ABCB91800DB3ED1 /* libRCTImage.a */,
				3DAD3E841DF850E9000B6D8A /* libRCTImage-tvOS.a */,
			);
			name = Products;
			sourceTree = "<group>";
		};
		00C302D41ABCB9D200DB3ED1 /* Products */ = {
			isa = PBXGroup;
			children = (
				00C302DC1ABCB9D200DB3ED1 /* libRCTNetwork.a */,
				3DAD3E8C1DF850E9000B6D8A /* libRCTNetwork-tvOS.a */,
			);
			name = Products;
			sourceTree = "<group>";
		};
		00C302E01ABCB9EE00DB3ED1 /* Products */ = {
			isa = PBXGroup;
			children = (
				00C302E41ABCB9EE00DB3ED1 /* libRCTVibration.a */,
			);
			name = Products;
			sourceTree = "<group>";
		};
		139105B71AF99BAD00B5F7CC /* Products */ = {
			isa = PBXGroup;
			children = (
				139105C11AF99BAD00B5F7CC /* libRCTSettings.a */,
				3DAD3E901DF850E9000B6D8A /* libRCTSettings-tvOS.a */,
			);
			name = Products;
			sourceTree = "<group>";
		};
		139FDEE71B06529A00C62182 /* Products */ = {
			isa = PBXGroup;
			children = (
				139FDEF41B06529B00C62182 /* libRCTWebSocket.a */,
				3DAD3E991DF850E9000B6D8A /* libRCTWebSocket-tvOS.a */,
				2D16E6841FA4F8DC00B85C8A /* libfishhook.a */,
				2D16E6861FA4F8DC00B85C8A /* libfishhook-tvOS.a */,
			);
			name = Products;
			sourceTree = "<group>";
		};
		13B07FAE1A68108700A75B9A /* app */ = {
			isa = PBXGroup;
			children = (
				008F07F21AC5B25A0029DE68 /* main.jsbundle */,
				13B07FAF1A68108700A75B9A /* AppDelegate.h */,
				13B07FB01A68108700A75B9A /* AppDelegate.m */,
				13B07FB51A68108700A75B9A /* Images.xcassets */,
				13B07FB61A68108700A75B9A /* Info.plist */,
				13B07FB11A68108700A75B9A /* LaunchScreen.xib */,
				13B07FB71A68108700A75B9A /* main.m */,
			);
			name = app;
			sourceTree = "<group>";
		};
		146834001AC3E56700842450 /* Products */ = {
			isa = PBXGroup;
			children = (
				146834041AC3E56700842450 /* libReact.a */,
				3DAD3EA31DF850E9000B6D8A /* libReact.a */,
				3DAD3EA51DF850E9000B6D8A /* libyoga.a */,
				3DAD3EA71DF850E9000B6D8A /* libyoga.a */,
				3DAD3EA91DF850E9000B6D8A /* libcxxreact.a */,
				3DAD3EAB1DF850E9000B6D8A /* libcxxreact.a */,
				3DAD3EAD1DF850E9000B6D8A /* libjschelpers.a */,
				3DAD3EAF1DF850E9000B6D8A /* libjschelpers.a */,
				2DF0FFDF2056DD460020B375 /* libjsinspector.a */,
				2DF0FFE12056DD460020B375 /* libjsinspector-tvOS.a */,
				2DF0FFE32056DD460020B375 /* libthird-party.a */,
				2DF0FFE52056DD460020B375 /* libthird-party.a */,
				2DF0FFE72056DD460020B375 /* libdouble-conversion.a */,
				2DF0FFE92056DD460020B375 /* libdouble-conversion.a */,
				2DF0FFEB2056DD460020B375 /* libprivatedata.a */,
				2DF0FFED2056DD460020B375 /* libprivatedata-tvOS.a */,
			);
			name = Products;
			sourceTree = "<group>";
		};
		2C714FC8416D40D38F42DF7B /* Resources */ = {
			isa = PBXGroup;
			children = (
				C3EA841F21F9D74500218542 /* KFCAppFont.ttf */,
				C3EA842121F9D74500218542 /* Knockout-HTF27-JuniorBantamwt.ttf */,
				C3EA842A21F9D74600218542 /* Knockout-HTF68-FullFeatherwt.ttf */,
				C3EA842321F9D74500218542 /* Knockout-HTF92-UltmtCruiserwt.ttf */,
				C3EA83EA21F9D74500218542 /* Roboto-Black.ttf */,
				C3EA842221F9D74500218542 /* Roboto-BlackItalic.ttf */,
				C3EA842021F9D74500218542 /* Roboto-Bold.ttf */,
				C3EA842421F9D74500218542 /* Roboto-BoldItalic.ttf */,
				C3EA841E21F9D74500218542 /* Roboto-Italic.ttf */,
				C3EA842921F9D74600218542 /* Roboto-Light.ttf */,
				C3EA842821F9D74600218542 /* Roboto-LightItalic.ttf */,
				C3EA842B21F9D74600218542 /* Roboto-Medium.ttf */,
				C3EA842621F9D74600218542 /* Roboto-MediumItalic.ttf */,
				C3EA842721F9D74600218542 /* Roboto-Regular.ttf */,
				C3EA842C21F9D74600218542 /* Roboto-Thin.ttf */,
				C3EA842521F9D74600218542 /* Roboto-ThinItalic.ttf */,
				062FAF20B5684518958F5AC6 /* AntDesign.ttf */,
				1E4CB8B3B3FF42C8BB78906F /* Entypo.ttf */,
				A6E81B6666804EDCAAF1C8B6 /* EvilIcons.ttf */,
				98A81D58105F4E558E1F07FD /* Feather.ttf */,
				AB4D7A74A40049669D0F755C /* FontAwesome.ttf */,
				A6819C0E88CF4388AAA58655 /* FontAwesome5_Brands.ttf */,
				AA54E3F36A4A46E2A3807A15 /* FontAwesome5_Regular.ttf */,
				BD2EF13984F841B48161782F /* FontAwesome5_Solid.ttf */,
				E55CB546F0814CA1BE54C7EE /* Foundation.ttf */,
				3631ACA7960D479DBACED140 /* Ionicons.ttf */,
				A4A09924DE814AB4B7E0E6D6 /* MaterialCommunityIcons.ttf */,
				3F4C23688F94450095F33594 /* MaterialIcons.ttf */,
				D37B9EC0034D4F9EADD01D2C /* Octicons.ttf */,
				AA16AC4F01DB4FE6860DCAAB /* Roboto.ttf */,
				C55601D783054353AA4C487F /* rubicon-icon-font.ttf */,
				D9BEF3E44D154A09AE49727E /* SimpleLineIcons.ttf */,
				D9849BC90BA24D26974FA053 /* Zocial.ttf */,
			);
			name = Resources;
			sourceTree = "<group>";
		};
		2D16E6871FA4F8E400B85C8A /* Frameworks */ = {
			isa = PBXGroup;
			children = (
				C3295E012219F46200E9E504 /* libReact.a */,
				2D16E6891FA4F8E400B85C8A /* libReact.a */,
				600B6E3FC740844D6E8258A7 /* libPods-app.a */,
			);
			name = Frameworks;
			sourceTree = "<group>";
		};
		3DCDBC335C5AC3D316088DB3 /* Pods */ = {
			isa = PBXGroup;
			children = (
				265AE88E6E42D0FB3F0D6C45 /* Pods-app.debug.xcconfig */,
				8E77769934DCDEE2930E4D8A /* Pods-app.release.xcconfig */,
			);
			name = Pods;
			sourceTree = "<group>";
		};
		527FBBF722690A0F0019D069 /* Products */ = {
			isa = PBXGroup;
			children = (
				527FBC2822690A0F0019D069 /* libRNCWebView.a */,
			);
			name = Products;
			sourceTree = "<group>";
		};
		529F090222672C9700076260 /* Products */ = {
			isa = PBXGroup;
			children = (
				529F090F22672C9700076260 /* libRCTBEEPickerManager.a */,
			);
			name = Products;
			sourceTree = "<group>";
		};
		5E91572E1DD0AC6500FF2AA8 /* Products */ = {
			isa = PBXGroup;
			children = (
				5E9157331DD0AC6500FF2AA8 /* libRCTAnimation.a */,
				5E9157351DD0AC6500FF2AA8 /* libRCTAnimation.a */,
			);
			name = Products;
			sourceTree = "<group>";
		};
		78C398B11ACF4ADC00677621 /* Products */ = {
			isa = PBXGroup;
			children = (
				78C398B91ACF4ADC00677621 /* libRCTLinking.a */,
				3DAD3E881DF850E9000B6D8A /* libRCTLinking-tvOS.a */,
			);
			name = Products;
			sourceTree = "<group>";
		};
		7CD7BA5C21F8CD1200F9BF0E /* Recovered References */ = {
			isa = PBXGroup;
			children = (
				BF478092774D4F3390710825 /* libRNAWSCognito.a */,
				15BE1C3829E94ADC8FE0A356 /* libAppCenterReactNative.a */,
				C1D19FD146D84502A3E709BC /* libAppCenterReactNativeAnalytics.a */,
				0DB4B5364D5F4A859435DC36 /* libAppCenterReactNativeCrashes.a */,
				36DFD6CCA29B4AAC99885669 /* libRNGestureHandler.a */,
				A5AA99A24F284F3F85879ECF /* libRNImagePicker.a */,
				8DDD40934F46435D85491CCE /* libBVLinearGradient.a */,
				C1042D8CA2ED4C69A36BA366 /* libSplashScreen.a */,
				E935D701B18C48948BB754BF /* libRNSVG.a */,
				AA9D2F8E66894540B45E84BD /* libRNVectorIcons.a */,
				97B155C0A1D2479B8FB33367 /* libRNFetchBlob.a */,
				3C3AB6348525483780B33D8E /* libRNFirebase.a */,
			);
			name = "Recovered References";
			sourceTree = "<group>";
		};
		7CD7BA8221F8CD1300F9BF0E /* Products */ = {
			isa = PBXGroup;
			children = (
				7CD7BA8B21F8CD1300F9BF0E /* libRNAWSCognito.a */,
			);
			name = Products;
			sourceTree = "<group>";
		};
		7CD7BA8421F8CD1300F9BF0E /* Products */ = {
			isa = PBXGroup;
			children = (
				7CD7BA8821F8CD1300F9BF0E /* libAppCenterReactNative.a */,
			);
			name = Products;
			sourceTree = "<group>";
		};
		7CD7BADD21F8CD3900F9BF0E /* Products */ = {
			isa = PBXGroup;
			children = (
				7CD7BAE121F8CD3900F9BF0E /* libAppCenterReactNativeAnalytics.a */,
			);
			name = Products;
			sourceTree = "<group>";
		};
		7CD7BB1921F8CD4100F9BF0E /* Products */ = {
			isa = PBXGroup;
			children = (
				7CD7BB1D21F8CD4100F9BF0E /* libAppCenterReactNativeCrashes.a */,
			);
			name = Products;
			sourceTree = "<group>";
		};
		7CD7BB4421F8CD5100F9BF0E /* Products */ = {
			isa = PBXGroup;
			children = (
				7CD7BB7D21F8CD5100F9BF0E /* libRNFetchBlob.a */,
			);
			name = Products;
			sourceTree = "<group>";
		};
		7CD7BB4621F8CD5100F9BF0E /* Products */ = {
			isa = PBXGroup;
			children = (
				7CD7BB8321F8CD5100F9BF0E /* libSplashScreen.a */,
			);
			name = Products;
			sourceTree = "<group>";
		};
		7CD7BB4821F8CD5100F9BF0E /* Products */ = {
			isa = PBXGroup;
			children = (
				7CD7BB8021F8CD5100F9BF0E /* libRNGestureHandler.a */,
			);
			name = Products;
			sourceTree = "<group>";
		};
		7CD7BB4A21F8CD5100F9BF0E /* Products */ = {
			isa = PBXGroup;
			children = (
				7CD7BB5221F8CD5100F9BF0E /* libBVLinearGradient.a */,
				7CD7BB5421F8CD5100F9BF0E /* libBVLinearGradient.a */,
			);
			name = Products;
			sourceTree = "<group>";
		};
		7CD7BB8421F8CD5200F9BF0E /* Products */ = {
			isa = PBXGroup;
			children = (
				7CD7BB9021F8CD5200F9BF0E /* libRNSVG.a */,
				7CD7BB9221F8CD5200F9BF0E /* libRNSVG-tvOS.a */,
			);
			name = Products;
			sourceTree = "<group>";
		};
		7CD7BB8621F8CD5200F9BF0E /* Products */ = {
			isa = PBXGroup;
			children = (
				7CD7BB9621F8CD5200F9BF0E /* libRNVectorIcons.a */,
				7CD7BB9821F8CD5200F9BF0E /* libRNVectorIcons-tvOS.a */,
			);
			name = Products;
			sourceTree = "<group>";
		};
		7CD7BB8821F8CD5200F9BF0E /* Products */ = {
			isa = PBXGroup;
			children = (
				7CD7BB8C21F8CD5200F9BF0E /* libRNImagePicker.a */,
			);
			name = Products;
			sourceTree = "<group>";
		};
		7CF7E6C0223803C900B41235 /* Products */ = {
			isa = PBXGroup;
			children = (
				7CF7E6F8223803C900B41235 /* libSafariViewManager.a */,
			);
			name = Products;
			sourceTree = "<group>";
		};
		832341AE1AAA6A7D00B99B32 /* Libraries */ = {
			isa = PBXGroup;
			children = (
				527FBBF622690A0F0019D069 /* RNCWebView.xcodeproj */,
				529F090122672C9700076260 /* RCTBEEPickerManager.xcodeproj */,
				7CF7E6BF223803C900B41235 /* SafariViewManager.xcodeproj */,
				C3295E4B2219F97300E9E504 /* FastImage.xcodeproj */,
				5E91572D1DD0AC6500FF2AA8 /* RCTAnimation.xcodeproj */,
				146833FF1AC3E56700842450 /* React.xcodeproj */,
				00C302A71ABCB8CE00DB3ED1 /* RCTActionSheet.xcodeproj */,
				ADBDB91F1DFEBF0600ED6528 /* RCTBlob.xcodeproj */,
				00C302B51ABCB90400DB3ED1 /* RCTGeolocation.xcodeproj */,
				00C302BB1ABCB91800DB3ED1 /* RCTImage.xcodeproj */,
				78C398B01ACF4ADC00677621 /* RCTLinking.xcodeproj */,
				00C302D31ABCB9D200DB3ED1 /* RCTNetwork.xcodeproj */,
				139105B61AF99BAD00B5F7CC /* RCTSettings.xcodeproj */,
				832341B01AAA6A8300B99B32 /* RCTText.xcodeproj */,
				00C302DF1ABCB9EE00DB3ED1 /* RCTVibration.xcodeproj */,
				139FDEE61B06529A00C62182 /* RCTWebSocket.xcodeproj */,
				77E3B1F5DE57480EB76A6EB5 /* RNAWSCognito.xcodeproj */,
				1435303ED895410A876DCCF7 /* AppCenterReactNative.xcodeproj */,
				E76941FD88414040ACE00F22 /* AppCenterReactNativeAnalytics.xcodeproj */,
				38BBA06B52C248B3AED123FB /* AppCenterReactNativeCrashes.xcodeproj */,
				DBE39E05A3E14869AE95002F /* RNGestureHandler.xcodeproj */,
				EAD8D0E7FA6A420C80A86E7E /* RNImagePicker.xcodeproj */,
				C9D6C14C123F489B8AA58E18 /* BVLinearGradient.xcodeproj */,
				15535109B4C94225B3849743 /* SplashScreen.xcodeproj */,
				4217CC53F5AA436E93212852 /* RNSVG.xcodeproj */,
				23706193732D4905BE05432A /* RNVectorIcons.xcodeproj */,
				F12EE2DCA86B46E98AEDBB8B /* RNFetchBlob.xcodeproj */,
				8561F5F6393B49389A8916A5 /* RNFirebase.xcodeproj */,
			);
			name = Libraries;
			sourceTree = "<group>";
		};
		832341B11AAA6A8300B99B32 /* Products */ = {
			isa = PBXGroup;
			children = (
				832341B51AAA6A8300B99B32 /* libRCTText.a */,
				3DAD3E941DF850E9000B6D8A /* libRCTText-tvOS.a */,
			);
			name = Products;
			sourceTree = "<group>";
		};
		83CBB9F61A601CBA00E9B192 = {
			isa = PBXGroup;
			children = (
				C3295DB02219EE2700E9E504 /* GoogleService-Info.plist */,
				13B07FAE1A68108700A75B9A /* app */,
				832341AE1AAA6A7D00B99B32 /* Libraries */,
				83CBBA001A601CBA00E9B192 /* Products */,
				2D16E6871FA4F8E400B85C8A /* Frameworks */,
				7CD7BA5C21F8CD1200F9BF0E /* Recovered References */,
				5F6D47FA02234F0EA3CE711E /* AppCenter-Config.plist */,
				3DCDBC335C5AC3D316088DB3 /* Pods */,
				2C714FC8416D40D38F42DF7B /* Resources */,
			);
			indentWidth = 2;
			sourceTree = "<group>";
			tabWidth = 2;
			usesTabs = 0;
		};
		83CBBA001A601CBA00E9B192 /* Products */ = {
			isa = PBXGroup;
			children = (
				13B07F961A680F5B00A75B9A /* app.app */,
			);
			name = Products;
			sourceTree = "<group>";
		};
		ADBDB9201DFEBF0600ED6528 /* Products */ = {
			isa = PBXGroup;
			children = (
				ADBDB9271DFEBF0700ED6528 /* libRCTBlob.a */,
				2D16E6721FA4F8DC00B85C8A /* libRCTBlob-tvOS.a */,
			);
			name = Products;
			sourceTree = "<group>";
		};
		C3295DAB2219EE0A00E9E504 /* Products */ = {
			isa = PBXGroup;
			children = (
				C3295DAF2219EE0A00E9E504 /* libRNFirebase.a */,
			);
			name = Products;
			sourceTree = "<group>";
		};
		C3295E4C2219F97300E9E504 /* Products */ = {
			isa = PBXGroup;
			children = (
				C3295E562219F97300E9E504 /* libFastImage.a */,
			);
			name = Products;
			sourceTree = "<group>";
		};
/* End PBXGroup section */

/* Begin PBXNativeTarget section */
		13B07F861A680F5B00A75B9A /* app */ = {
			isa = PBXNativeTarget;
			buildConfigurationList = 13B07F931A680F5B00A75B9A /* Build configuration list for PBXNativeTarget "app" */;
			buildPhases = (
				B62EA779AA0DB9B3FA01FA71 /* [CP] Check Pods Manifest.lock */,
				13B07F871A680F5B00A75B9A /* Sources */,
				13B07F8C1A680F5B00A75B9A /* Frameworks */,
				13B07F8E1A680F5B00A75B9A /* Resources */,
				00DD1BFF1BD5951E006B06BC /* Bundle React Native code and images */,
			);
			buildRules = (
			);
			dependencies = (
			);
			name = app;
			productName = "Hello World";
			productReference = 13B07F961A680F5B00A75B9A /* app.app */;
			productType = "com.apple.product-type.application";
		};
/* End PBXNativeTarget section */

/* Begin PBXProject section */
		83CBB9F71A601CBA00E9B192 /* Project object */ = {
			isa = PBXProject;
			attributes = {
				LastUpgradeCheck = 940;
				ORGANIZATIONNAME = Facebook;
				TargetAttributes = {
					13B07F861A680F5B00A75B9A = {
						DevelopmentTeam = 5R6NF68G9S;
						ProvisioningStyle = Manual;
					};
				};
			};
			buildConfigurationList = 83CBB9FA1A601CBA00E9B192 /* Build configuration list for PBXProject "app" */;
			compatibilityVersion = "Xcode 3.2";
			developmentRegion = English;
			hasScannedForEncodings = 0;
			knownRegions = (
				en,
				Base,
			);
			mainGroup = 83CBB9F61A601CBA00E9B192;
			productRefGroup = 83CBBA001A601CBA00E9B192 /* Products */;
			projectDirPath = "";
			projectReferences = (
				{
					ProductGroup = 7CD7BA8421F8CD1300F9BF0E /* Products */;
					ProjectRef = 1435303ED895410A876DCCF7 /* AppCenterReactNative.xcodeproj */;
				},
				{
					ProductGroup = 7CD7BADD21F8CD3900F9BF0E /* Products */;
					ProjectRef = E76941FD88414040ACE00F22 /* AppCenterReactNativeAnalytics.xcodeproj */;
				},
				{
					ProductGroup = 7CD7BB1921F8CD4100F9BF0E /* Products */;
					ProjectRef = 38BBA06B52C248B3AED123FB /* AppCenterReactNativeCrashes.xcodeproj */;
				},
				{
					ProductGroup = 7CD7BB4A21F8CD5100F9BF0E /* Products */;
					ProjectRef = C9D6C14C123F489B8AA58E18 /* BVLinearGradient.xcodeproj */;
				},
				{
					ProductGroup = C3295E4C2219F97300E9E504 /* Products */;
					ProjectRef = C3295E4B2219F97300E9E504 /* FastImage.xcodeproj */;
				},
				{
					ProductGroup = 00C302A81ABCB8CE00DB3ED1 /* Products */;
					ProjectRef = 00C302A71ABCB8CE00DB3ED1 /* RCTActionSheet.xcodeproj */;
				},
				{
					ProductGroup = 5E91572E1DD0AC6500FF2AA8 /* Products */;
					ProjectRef = 5E91572D1DD0AC6500FF2AA8 /* RCTAnimation.xcodeproj */;
				},
				{
					ProductGroup = 529F090222672C9700076260 /* Products */;
					ProjectRef = 529F090122672C9700076260 /* RCTBEEPickerManager.xcodeproj */;
				},
				{
					ProductGroup = ADBDB9201DFEBF0600ED6528 /* Products */;
					ProjectRef = ADBDB91F1DFEBF0600ED6528 /* RCTBlob.xcodeproj */;
				},
				{
					ProductGroup = 00C302B61ABCB90400DB3ED1 /* Products */;
					ProjectRef = 00C302B51ABCB90400DB3ED1 /* RCTGeolocation.xcodeproj */;
				},
				{
					ProductGroup = 00C302BC1ABCB91800DB3ED1 /* Products */;
					ProjectRef = 00C302BB1ABCB91800DB3ED1 /* RCTImage.xcodeproj */;
				},
				{
					ProductGroup = 78C398B11ACF4ADC00677621 /* Products */;
					ProjectRef = 78C398B01ACF4ADC00677621 /* RCTLinking.xcodeproj */;
				},
				{
					ProductGroup = 00C302D41ABCB9D200DB3ED1 /* Products */;
					ProjectRef = 00C302D31ABCB9D200DB3ED1 /* RCTNetwork.xcodeproj */;
				},
				{
					ProductGroup = 139105B71AF99BAD00B5F7CC /* Products */;
					ProjectRef = 139105B61AF99BAD00B5F7CC /* RCTSettings.xcodeproj */;
				},
				{
					ProductGroup = 832341B11AAA6A8300B99B32 /* Products */;
					ProjectRef = 832341B01AAA6A8300B99B32 /* RCTText.xcodeproj */;
				},
				{
					ProductGroup = 00C302E01ABCB9EE00DB3ED1 /* Products */;
					ProjectRef = 00C302DF1ABCB9EE00DB3ED1 /* RCTVibration.xcodeproj */;
				},
				{
					ProductGroup = 139FDEE71B06529A00C62182 /* Products */;
					ProjectRef = 139FDEE61B06529A00C62182 /* RCTWebSocket.xcodeproj */;
				},
				{
					ProductGroup = 146834001AC3E56700842450 /* Products */;
					ProjectRef = 146833FF1AC3E56700842450 /* React.xcodeproj */;
				},
				{
					ProductGroup = 7CD7BA8221F8CD1300F9BF0E /* Products */;
					ProjectRef = 77E3B1F5DE57480EB76A6EB5 /* RNAWSCognito.xcodeproj */;
				},
				{
					ProductGroup = 527FBBF722690A0F0019D069 /* Products */;
					ProjectRef = 527FBBF622690A0F0019D069 /* RNCWebView.xcodeproj */;
				},
				{
					ProductGroup = 7CD7BB4421F8CD5100F9BF0E /* Products */;
					ProjectRef = F12EE2DCA86B46E98AEDBB8B /* RNFetchBlob.xcodeproj */;
				},
				{
					ProductGroup = C3295DAB2219EE0A00E9E504 /* Products */;
					ProjectRef = 8561F5F6393B49389A8916A5 /* RNFirebase.xcodeproj */;
				},
				{
					ProductGroup = 7CD7BB4821F8CD5100F9BF0E /* Products */;
					ProjectRef = DBE39E05A3E14869AE95002F /* RNGestureHandler.xcodeproj */;
				},
				{
					ProductGroup = 7CD7BB8821F8CD5200F9BF0E /* Products */;
					ProjectRef = EAD8D0E7FA6A420C80A86E7E /* RNImagePicker.xcodeproj */;
				},
				{
					ProductGroup = 7CD7BB8421F8CD5200F9BF0E /* Products */;
					ProjectRef = 4217CC53F5AA436E93212852 /* RNSVG.xcodeproj */;
				},
				{
					ProductGroup = 7CD7BB8621F8CD5200F9BF0E /* Products */;
					ProjectRef = 23706193732D4905BE05432A /* RNVectorIcons.xcodeproj */;
				},
				{
					ProductGroup = 7CF7E6C0223803C900B41235 /* Products */;
					ProjectRef = 7CF7E6BF223803C900B41235 /* SafariViewManager.xcodeproj */;
				},
				{
					ProductGroup = 7CD7BB4621F8CD5100F9BF0E /* Products */;
					ProjectRef = 15535109B4C94225B3849743 /* SplashScreen.xcodeproj */;
				},
			);
			projectRoot = "";
			targets = (
				13B07F861A680F5B00A75B9A /* app */,
			);
		};
/* End PBXProject section */

/* Begin PBXReferenceProxy section */
		00C302AC1ABCB8CE00DB3ED1 /* libRCTActionSheet.a */ = {
			isa = PBXReferenceProxy;
			fileType = archive.ar;
			path = libRCTActionSheet.a;
			remoteRef = 00C302AB1ABCB8CE00DB3ED1 /* PBXContainerItemProxy */;
			sourceTree = BUILT_PRODUCTS_DIR;
		};
		00C302BA1ABCB90400DB3ED1 /* libRCTGeolocation.a */ = {
			isa = PBXReferenceProxy;
			fileType = archive.ar;
			path = libRCTGeolocation.a;
			remoteRef = 00C302B91ABCB90400DB3ED1 /* PBXContainerItemProxy */;
			sourceTree = BUILT_PRODUCTS_DIR;
		};
		00C302C01ABCB91800DB3ED1 /* libRCTImage.a */ = {
			isa = PBXReferenceProxy;
			fileType = archive.ar;
			path = libRCTImage.a;
			remoteRef = 00C302BF1ABCB91800DB3ED1 /* PBXContainerItemProxy */;
			sourceTree = BUILT_PRODUCTS_DIR;
		};
		00C302DC1ABCB9D200DB3ED1 /* libRCTNetwork.a */ = {
			isa = PBXReferenceProxy;
			fileType = archive.ar;
			path = libRCTNetwork.a;
			remoteRef = 00C302DB1ABCB9D200DB3ED1 /* PBXContainerItemProxy */;
			sourceTree = BUILT_PRODUCTS_DIR;
		};
		00C302E41ABCB9EE00DB3ED1 /* libRCTVibration.a */ = {
			isa = PBXReferenceProxy;
			fileType = archive.ar;
			path = libRCTVibration.a;
			remoteRef = 00C302E31ABCB9EE00DB3ED1 /* PBXContainerItemProxy */;
			sourceTree = BUILT_PRODUCTS_DIR;
		};
		139105C11AF99BAD00B5F7CC /* libRCTSettings.a */ = {
			isa = PBXReferenceProxy;
			fileType = archive.ar;
			path = libRCTSettings.a;
			remoteRef = 139105C01AF99BAD00B5F7CC /* PBXContainerItemProxy */;
			sourceTree = BUILT_PRODUCTS_DIR;
		};
		139FDEF41B06529B00C62182 /* libRCTWebSocket.a */ = {
			isa = PBXReferenceProxy;
			fileType = archive.ar;
			path = libRCTWebSocket.a;
			remoteRef = 139FDEF31B06529B00C62182 /* PBXContainerItemProxy */;
			sourceTree = BUILT_PRODUCTS_DIR;
		};
		146834041AC3E56700842450 /* libReact.a */ = {
			isa = PBXReferenceProxy;
			fileType = archive.ar;
			path = libReact.a;
			remoteRef = 146834031AC3E56700842450 /* PBXContainerItemProxy */;
			sourceTree = BUILT_PRODUCTS_DIR;
		};
		2D16E6721FA4F8DC00B85C8A /* libRCTBlob-tvOS.a */ = {
			isa = PBXReferenceProxy;
			fileType = archive.ar;
			path = "libRCTBlob-tvOS.a";
			remoteRef = 2D16E6711FA4F8DC00B85C8A /* PBXContainerItemProxy */;
			sourceTree = BUILT_PRODUCTS_DIR;
		};
		2D16E6841FA4F8DC00B85C8A /* libfishhook.a */ = {
			isa = PBXReferenceProxy;
			fileType = archive.ar;
			path = libfishhook.a;
			remoteRef = 2D16E6831FA4F8DC00B85C8A /* PBXContainerItemProxy */;
			sourceTree = BUILT_PRODUCTS_DIR;
		};
		2D16E6861FA4F8DC00B85C8A /* libfishhook-tvOS.a */ = {
			isa = PBXReferenceProxy;
			fileType = archive.ar;
			path = "libfishhook-tvOS.a";
			remoteRef = 2D16E6851FA4F8DC00B85C8A /* PBXContainerItemProxy */;
			sourceTree = BUILT_PRODUCTS_DIR;
		};
		2DF0FFDF2056DD460020B375 /* libjsinspector.a */ = {
			isa = PBXReferenceProxy;
			fileType = archive.ar;
			path = libjsinspector.a;
			remoteRef = 2DF0FFDE2056DD460020B375 /* PBXContainerItemProxy */;
			sourceTree = BUILT_PRODUCTS_DIR;
		};
		2DF0FFE12056DD460020B375 /* libjsinspector-tvOS.a */ = {
			isa = PBXReferenceProxy;
			fileType = archive.ar;
			path = "libjsinspector-tvOS.a";
			remoteRef = 2DF0FFE02056DD460020B375 /* PBXContainerItemProxy */;
			sourceTree = BUILT_PRODUCTS_DIR;
		};
		2DF0FFE32056DD460020B375 /* libthird-party.a */ = {
			isa = PBXReferenceProxy;
			fileType = archive.ar;
			path = "libthird-party.a";
			remoteRef = 2DF0FFE22056DD460020B375 /* PBXContainerItemProxy */;
			sourceTree = BUILT_PRODUCTS_DIR;
		};
		2DF0FFE52056DD460020B375 /* libthird-party.a */ = {
			isa = PBXReferenceProxy;
			fileType = archive.ar;
			path = "libthird-party.a";
			remoteRef = 2DF0FFE42056DD460020B375 /* PBXContainerItemProxy */;
			sourceTree = BUILT_PRODUCTS_DIR;
		};
		2DF0FFE72056DD460020B375 /* libdouble-conversion.a */ = {
			isa = PBXReferenceProxy;
			fileType = archive.ar;
			path = "libdouble-conversion.a";
			remoteRef = 2DF0FFE62056DD460020B375 /* PBXContainerItemProxy */;
			sourceTree = BUILT_PRODUCTS_DIR;
		};
		2DF0FFE92056DD460020B375 /* libdouble-conversion.a */ = {
			isa = PBXReferenceProxy;
			fileType = archive.ar;
			path = "libdouble-conversion.a";
			remoteRef = 2DF0FFE82056DD460020B375 /* PBXContainerItemProxy */;
			sourceTree = BUILT_PRODUCTS_DIR;
		};
		2DF0FFEB2056DD460020B375 /* libprivatedata.a */ = {
			isa = PBXReferenceProxy;
			fileType = archive.ar;
			path = libprivatedata.a;
			remoteRef = 2DF0FFEA2056DD460020B375 /* PBXContainerItemProxy */;
			sourceTree = BUILT_PRODUCTS_DIR;
		};
		2DF0FFED2056DD460020B375 /* libprivatedata-tvOS.a */ = {
			isa = PBXReferenceProxy;
			fileType = archive.ar;
			path = "libprivatedata-tvOS.a";
			remoteRef = 2DF0FFEC2056DD460020B375 /* PBXContainerItemProxy */;
			sourceTree = BUILT_PRODUCTS_DIR;
		};
		3DAD3E841DF850E9000B6D8A /* libRCTImage-tvOS.a */ = {
			isa = PBXReferenceProxy;
			fileType = archive.ar;
			path = "libRCTImage-tvOS.a";
			remoteRef = 3DAD3E831DF850E9000B6D8A /* PBXContainerItemProxy */;
			sourceTree = BUILT_PRODUCTS_DIR;
		};
		3DAD3E881DF850E9000B6D8A /* libRCTLinking-tvOS.a */ = {
			isa = PBXReferenceProxy;
			fileType = archive.ar;
			path = "libRCTLinking-tvOS.a";
			remoteRef = 3DAD3E871DF850E9000B6D8A /* PBXContainerItemProxy */;
			sourceTree = BUILT_PRODUCTS_DIR;
		};
		3DAD3E8C1DF850E9000B6D8A /* libRCTNetwork-tvOS.a */ = {
			isa = PBXReferenceProxy;
			fileType = archive.ar;
			path = "libRCTNetwork-tvOS.a";
			remoteRef = 3DAD3E8B1DF850E9000B6D8A /* PBXContainerItemProxy */;
			sourceTree = BUILT_PRODUCTS_DIR;
		};
		3DAD3E901DF850E9000B6D8A /* libRCTSettings-tvOS.a */ = {
			isa = PBXReferenceProxy;
			fileType = archive.ar;
			path = "libRCTSettings-tvOS.a";
			remoteRef = 3DAD3E8F1DF850E9000B6D8A /* PBXContainerItemProxy */;
			sourceTree = BUILT_PRODUCTS_DIR;
		};
		3DAD3E941DF850E9000B6D8A /* libRCTText-tvOS.a */ = {
			isa = PBXReferenceProxy;
			fileType = archive.ar;
			path = "libRCTText-tvOS.a";
			remoteRef = 3DAD3E931DF850E9000B6D8A /* PBXContainerItemProxy */;
			sourceTree = BUILT_PRODUCTS_DIR;
		};
		3DAD3E991DF850E9000B6D8A /* libRCTWebSocket-tvOS.a */ = {
			isa = PBXReferenceProxy;
			fileType = archive.ar;
			path = "libRCTWebSocket-tvOS.a";
			remoteRef = 3DAD3E981DF850E9000B6D8A /* PBXContainerItemProxy */;
			sourceTree = BUILT_PRODUCTS_DIR;
		};
		3DAD3EA31DF850E9000B6D8A /* libReact.a */ = {
			isa = PBXReferenceProxy;
			fileType = archive.ar;
			path = libReact.a;
			remoteRef = 3DAD3EA21DF850E9000B6D8A /* PBXContainerItemProxy */;
			sourceTree = BUILT_PRODUCTS_DIR;
		};
		3DAD3EA51DF850E9000B6D8A /* libyoga.a */ = {
			isa = PBXReferenceProxy;
			fileType = archive.ar;
			path = libyoga.a;
			remoteRef = 3DAD3EA41DF850E9000B6D8A /* PBXContainerItemProxy */;
			sourceTree = BUILT_PRODUCTS_DIR;
		};
		3DAD3EA71DF850E9000B6D8A /* libyoga.a */ = {
			isa = PBXReferenceProxy;
			fileType = archive.ar;
			path = libyoga.a;
			remoteRef = 3DAD3EA61DF850E9000B6D8A /* PBXContainerItemProxy */;
			sourceTree = BUILT_PRODUCTS_DIR;
		};
		3DAD3EA91DF850E9000B6D8A /* libcxxreact.a */ = {
			isa = PBXReferenceProxy;
			fileType = archive.ar;
			path = libcxxreact.a;
			remoteRef = 3DAD3EA81DF850E9000B6D8A /* PBXContainerItemProxy */;
			sourceTree = BUILT_PRODUCTS_DIR;
		};
		3DAD3EAB1DF850E9000B6D8A /* libcxxreact.a */ = {
			isa = PBXReferenceProxy;
			fileType = archive.ar;
			path = libcxxreact.a;
			remoteRef = 3DAD3EAA1DF850E9000B6D8A /* PBXContainerItemProxy */;
			sourceTree = BUILT_PRODUCTS_DIR;
		};
		3DAD3EAD1DF850E9000B6D8A /* libjschelpers.a */ = {
			isa = PBXReferenceProxy;
			fileType = archive.ar;
			path = libjschelpers.a;
			remoteRef = 3DAD3EAC1DF850E9000B6D8A /* PBXContainerItemProxy */;
			sourceTree = BUILT_PRODUCTS_DIR;
		};
		3DAD3EAF1DF850E9000B6D8A /* libjschelpers.a */ = {
			isa = PBXReferenceProxy;
			fileType = archive.ar;
			path = libjschelpers.a;
			remoteRef = 3DAD3EAE1DF850E9000B6D8A /* PBXContainerItemProxy */;
			sourceTree = BUILT_PRODUCTS_DIR;
		};
		527FBC2822690A0F0019D069 /* libRNCWebView.a */ = {
			isa = PBXReferenceProxy;
			fileType = archive.ar;
			path = libRNCWebView.a;
			remoteRef = 527FBC2722690A0F0019D069 /* PBXContainerItemProxy */;
			sourceTree = BUILT_PRODUCTS_DIR;
		};
		529F090F22672C9700076260 /* libRCTBEEPickerManager.a */ = {
			isa = PBXReferenceProxy;
			fileType = archive.ar;
			path = libRCTBEEPickerManager.a;
			remoteRef = 529F090E22672C9700076260 /* PBXContainerItemProxy */;
			sourceTree = BUILT_PRODUCTS_DIR;
		};
		5E9157331DD0AC6500FF2AA8 /* libRCTAnimation.a */ = {
			isa = PBXReferenceProxy;
			fileType = archive.ar;
			path = libRCTAnimation.a;
			remoteRef = 5E9157321DD0AC6500FF2AA8 /* PBXContainerItemProxy */;
			sourceTree = BUILT_PRODUCTS_DIR;
		};
		5E9157351DD0AC6500FF2AA8 /* libRCTAnimation.a */ = {
			isa = PBXReferenceProxy;
			fileType = archive.ar;
			path = libRCTAnimation.a;
			remoteRef = 5E9157341DD0AC6500FF2AA8 /* PBXContainerItemProxy */;
			sourceTree = BUILT_PRODUCTS_DIR;
		};
		78C398B91ACF4ADC00677621 /* libRCTLinking.a */ = {
			isa = PBXReferenceProxy;
			fileType = archive.ar;
			path = libRCTLinking.a;
			remoteRef = 78C398B81ACF4ADC00677621 /* PBXContainerItemProxy */;
			sourceTree = BUILT_PRODUCTS_DIR;
		};
		7CD7BA8821F8CD1300F9BF0E /* libAppCenterReactNative.a */ = {
			isa = PBXReferenceProxy;
			fileType = archive.ar;
			path = libAppCenterReactNative.a;
			remoteRef = 7CD7BA8721F8CD1300F9BF0E /* PBXContainerItemProxy */;
			sourceTree = BUILT_PRODUCTS_DIR;
		};
		7CD7BA8B21F8CD1300F9BF0E /* libRNAWSCognito.a */ = {
			isa = PBXReferenceProxy;
			fileType = archive.ar;
			path = libRNAWSCognito.a;
			remoteRef = 7CD7BA8A21F8CD1300F9BF0E /* PBXContainerItemProxy */;
			sourceTree = BUILT_PRODUCTS_DIR;
		};
		7CD7BAE121F8CD3900F9BF0E /* libAppCenterReactNativeAnalytics.a */ = {
			isa = PBXReferenceProxy;
			fileType = archive.ar;
			path = libAppCenterReactNativeAnalytics.a;
			remoteRef = 7CD7BAE021F8CD3900F9BF0E /* PBXContainerItemProxy */;
			sourceTree = BUILT_PRODUCTS_DIR;
		};
		7CD7BB1D21F8CD4100F9BF0E /* libAppCenterReactNativeCrashes.a */ = {
			isa = PBXReferenceProxy;
			fileType = archive.ar;
			path = libAppCenterReactNativeCrashes.a;
			remoteRef = 7CD7BB1C21F8CD4100F9BF0E /* PBXContainerItemProxy */;
			sourceTree = BUILT_PRODUCTS_DIR;
		};
		7CD7BB5221F8CD5100F9BF0E /* libBVLinearGradient.a */ = {
			isa = PBXReferenceProxy;
			fileType = archive.ar;
			path = libBVLinearGradient.a;
			remoteRef = 7CD7BB5121F8CD5100F9BF0E /* PBXContainerItemProxy */;
			sourceTree = BUILT_PRODUCTS_DIR;
		};
		7CD7BB5421F8CD5100F9BF0E /* libBVLinearGradient.a */ = {
			isa = PBXReferenceProxy;
			fileType = archive.ar;
			path = libBVLinearGradient.a;
			remoteRef = 7CD7BB5321F8CD5100F9BF0E /* PBXContainerItemProxy */;
			sourceTree = BUILT_PRODUCTS_DIR;
		};
		7CD7BB7D21F8CD5100F9BF0E /* libRNFetchBlob.a */ = {
			isa = PBXReferenceProxy;
			fileType = archive.ar;
			path = libRNFetchBlob.a;
			remoteRef = 7CD7BB7C21F8CD5100F9BF0E /* PBXContainerItemProxy */;
			sourceTree = BUILT_PRODUCTS_DIR;
		};
		7CD7BB8021F8CD5100F9BF0E /* libRNGestureHandler.a */ = {
			isa = PBXReferenceProxy;
			fileType = archive.ar;
			path = libRNGestureHandler.a;
			remoteRef = 7CD7BB7F21F8CD5100F9BF0E /* PBXContainerItemProxy */;
			sourceTree = BUILT_PRODUCTS_DIR;
		};
		7CD7BB8321F8CD5100F9BF0E /* libSplashScreen.a */ = {
			isa = PBXReferenceProxy;
			fileType = archive.ar;
			path = libSplashScreen.a;
			remoteRef = 7CD7BB8221F8CD5100F9BF0E /* PBXContainerItemProxy */;
			sourceTree = BUILT_PRODUCTS_DIR;
		};
		7CD7BB8C21F8CD5200F9BF0E /* libRNImagePicker.a */ = {
			isa = PBXReferenceProxy;
			fileType = archive.ar;
			path = libRNImagePicker.a;
			remoteRef = 7CD7BB8B21F8CD5200F9BF0E /* PBXContainerItemProxy */;
			sourceTree = BUILT_PRODUCTS_DIR;
		};
		7CD7BB9021F8CD5200F9BF0E /* libRNSVG.a */ = {
			isa = PBXReferenceProxy;
			fileType = archive.ar;
			path = libRNSVG.a;
			remoteRef = 7CD7BB8F21F8CD5200F9BF0E /* PBXContainerItemProxy */;
			sourceTree = BUILT_PRODUCTS_DIR;
		};
		7CD7BB9221F8CD5200F9BF0E /* libRNSVG-tvOS.a */ = {
			isa = PBXReferenceProxy;
			fileType = archive.ar;
			path = "libRNSVG-tvOS.a";
			remoteRef = 7CD7BB9121F8CD5200F9BF0E /* PBXContainerItemProxy */;
			sourceTree = BUILT_PRODUCTS_DIR;
		};
		7CD7BB9621F8CD5200F9BF0E /* libRNVectorIcons.a */ = {
			isa = PBXReferenceProxy;
			fileType = archive.ar;
			path = libRNVectorIcons.a;
			remoteRef = 7CD7BB9521F8CD5200F9BF0E /* PBXContainerItemProxy */;
			sourceTree = BUILT_PRODUCTS_DIR;
		};
		7CD7BB9821F8CD5200F9BF0E /* libRNVectorIcons-tvOS.a */ = {
			isa = PBXReferenceProxy;
			fileType = archive.ar;
			path = "libRNVectorIcons-tvOS.a";
			remoteRef = 7CD7BB9721F8CD5200F9BF0E /* PBXContainerItemProxy */;
			sourceTree = BUILT_PRODUCTS_DIR;
		};
		7CF7E6F8223803C900B41235 /* libSafariViewManager.a */ = {
			isa = PBXReferenceProxy;
			fileType = archive.ar;
			path = libSafariViewManager.a;
			remoteRef = 7CF7E6F7223803C900B41235 /* PBXContainerItemProxy */;
			sourceTree = BUILT_PRODUCTS_DIR;
		};
		832341B51AAA6A8300B99B32 /* libRCTText.a */ = {
			isa = PBXReferenceProxy;
			fileType = archive.ar;
			path = libRCTText.a;
			remoteRef = 832341B41AAA6A8300B99B32 /* PBXContainerItemProxy */;
			sourceTree = BUILT_PRODUCTS_DIR;
		};
		ADBDB9271DFEBF0700ED6528 /* libRCTBlob.a */ = {
			isa = PBXReferenceProxy;
			fileType = archive.ar;
			path = libRCTBlob.a;
			remoteRef = ADBDB9261DFEBF0700ED6528 /* PBXContainerItemProxy */;
			sourceTree = BUILT_PRODUCTS_DIR;
		};
		C3295DAF2219EE0A00E9E504 /* libRNFirebase.a */ = {
			isa = PBXReferenceProxy;
			fileType = archive.ar;
			path = libRNFirebase.a;
			remoteRef = C3295DAE2219EE0A00E9E504 /* PBXContainerItemProxy */;
			sourceTree = BUILT_PRODUCTS_DIR;
		};
		C3295E562219F97300E9E504 /* libFastImage.a */ = {
			isa = PBXReferenceProxy;
			fileType = archive.ar;
			path = libFastImage.a;
			remoteRef = C3295E552219F97300E9E504 /* PBXContainerItemProxy */;
			sourceTree = BUILT_PRODUCTS_DIR;
		};
/* End PBXReferenceProxy section */

/* Begin PBXResourcesBuildPhase section */
		13B07F8E1A680F5B00A75B9A /* Resources */ = {
			isa = PBXResourcesBuildPhase;
			buildActionMask = 2147483647;
			files = (
				C3EA843521F9D74600218542 /* Roboto-ThinItalic.ttf in Resources */,
				13B07FBF1A68108700A75B9A /* Images.xcassets in Resources */,
				C3EA843721F9D74600218542 /* Roboto-Regular.ttf in Resources */,
				13B07FBD1A68108700A75B9A /* LaunchScreen.xib in Resources */,
				37C352954DC44A6FBE53A179 /* AppCenter-Config.plist in Resources */,
				ADD47244633D4F88B5167EDB /* AntDesign.ttf in Resources */,
				C3295DB12219EE2700E9E504 /* GoogleService-Info.plist in Resources */,
				C3EA843621F9D74600218542 /* Roboto-MediumItalic.ttf in Resources */,
				2E56575888B4421386E7BEC7 /* Entypo.ttf in Resources */,
				C3EA843B21F9D74600218542 /* Roboto-Medium.ttf in Resources */,
				C3EA842D21F9D74600218542 /* Roboto-Black.ttf in Resources */,
				E499806A1B024242BFA86C03 /* EvilIcons.ttf in Resources */,
				D01EEB34CCDD41318F167603 /* Feather.ttf in Resources */,
				171444CD9DF540FC88607F06 /* FontAwesome.ttf in Resources */,
				C3EA843921F9D74600218542 /* Roboto-Light.ttf in Resources */,
				C3EA842E21F9D74600218542 /* Roboto-Italic.ttf in Resources */,
				CAAEE33B61134CBEB207903A /* FontAwesome5_Brands.ttf in Resources */,
				BAD6AA5C27054C3E87419E8D /* FontAwesome5_Regular.ttf in Resources */,
				CADA442142BD4F19BB8144B5 /* FontAwesome5_Solid.ttf in Resources */,
				C73146E9611E4DD89A06470E /* Foundation.ttf in Resources */,
				C3EA842F21F9D74600218542 /* KFCAppFont.ttf in Resources */,
				8D822F1A9C4B49C88B74644E /* Ionicons.ttf in Resources */,
				C3EA843321F9D74600218542 /* Knockout-HTF92-UltmtCruiserwt.ttf in Resources */,
				5A8B9E83386C4C569F81ECBB /* MaterialCommunityIcons.ttf in Resources */,
				C3EA843021F9D74600218542 /* Roboto-Bold.ttf in Resources */,
				C3EA843421F9D74600218542 /* Roboto-BoldItalic.ttf in Resources */,
				C3EA843821F9D74600218542 /* Roboto-LightItalic.ttf in Resources */,
				AB966F6C3C7F48998A51E208 /* MaterialIcons.ttf in Resources */,
				E9BA305FC99D43619D4B96B2 /* Octicons.ttf in Resources */,
				C3EA843121F9D74600218542 /* Knockout-HTF27-JuniorBantamwt.ttf in Resources */,
				C3EA843221F9D74600218542 /* Roboto-BlackItalic.ttf in Resources */,
				8E7E172AB6344BA1B7A3D053 /* Roboto.ttf in Resources */,
				F2B9558F78624F729F0E85A1 /* rubicon-icon-font.ttf in Resources */,
				A4051DD946A34776B4720106 /* SimpleLineIcons.ttf in Resources */,
				C3EA843A21F9D74600218542 /* Knockout-HTF68-FullFeatherwt.ttf in Resources */,
				C3EA843C21F9D74600218542 /* Roboto-Thin.ttf in Resources */,
				7E8C207659A94B32B8D72BA0 /* Zocial.ttf in Resources */,
			);
			runOnlyForDeploymentPostprocessing = 0;
		};
/* End PBXResourcesBuildPhase section */

/* Begin PBXShellScriptBuildPhase section */
		00DD1BFF1BD5951E006B06BC /* Bundle React Native code and images */ = {
			isa = PBXShellScriptBuildPhase;
			buildActionMask = 2147483647;
			files = (
			);
			inputPaths = (
			);
			name = "Bundle React Native code and images";
			outputPaths = (
			);
			runOnlyForDeploymentPostprocessing = 0;
			shellPath = /bin/sh;
			shellScript = "export NODE_BINARY=node\n../node_modules/react-native/scripts/react-native-xcode.sh";
		};
		B62EA779AA0DB9B3FA01FA71 /* [CP] Check Pods Manifest.lock */ = {
			isa = PBXShellScriptBuildPhase;
			buildActionMask = 2147483647;
			files = (
			);
			inputPaths = (
				"${PODS_PODFILE_DIR_PATH}/Podfile.lock",
				"${PODS_ROOT}/Manifest.lock",
			);
			name = "[CP] Check Pods Manifest.lock";
			outputPaths = (
				"$(DERIVED_FILE_DIR)/Pods-app-checkManifestLockResult.txt",
			);
			runOnlyForDeploymentPostprocessing = 0;
			shellPath = /bin/sh;
			shellScript = "diff \"${PODS_PODFILE_DIR_PATH}/Podfile.lock\" \"${PODS_ROOT}/Manifest.lock\" > /dev/null\nif [ $? != 0 ] ; then\n    # print error to STDERR\n    echo \"error: The sandbox is not in sync with the Podfile.lock. Run 'pod install' or update your CocoaPods installation.\" >&2\n    exit 1\nfi\n# This output is used by Xcode 'outputs' to avoid re-running this script phase.\necho \"SUCCESS\" > \"${SCRIPT_OUTPUT_FILE_0}\"\n";
			showEnvVarsInLog = 0;
		};
/* End PBXShellScriptBuildPhase section */

/* Begin PBXSourcesBuildPhase section */
		13B07F871A680F5B00A75B9A /* Sources */ = {
			isa = PBXSourcesBuildPhase;
			buildActionMask = 2147483647;
			files = (
				13B07FBC1A68108700A75B9A /* AppDelegate.m in Sources */,
				13B07FC11A68108700A75B9A /* main.m in Sources */,
			);
			runOnlyForDeploymentPostprocessing = 0;
		};
/* End PBXSourcesBuildPhase section */

/* Begin PBXVariantGroup section */
		13B07FB11A68108700A75B9A /* LaunchScreen.xib */ = {
			isa = PBXVariantGroup;
			children = (
				13B07FB21A68108700A75B9A /* Base */,
			);
			name = LaunchScreen.xib;
			path = app;
			sourceTree = "<group>";
		};
/* End PBXVariantGroup section */

/* Begin XCBuildConfiguration section */
		13B07F941A680F5B00A75B9A /* Debug */ = {
			isa = XCBuildConfiguration;
			baseConfigurationReference = 265AE88E6E42D0FB3F0D6C45 /* Pods-app.debug.xcconfig */;
			buildSettings = {
				ASSETCATALOG_COMPILER_APPICON_NAME = AppIcon;
				CODE_SIGN_IDENTITY = "iPhone Distribution";
				CODE_SIGN_STYLE = Manual;
				CURRENT_PROJECT_VERSION = 1;
				DEAD_CODE_STRIPPING = NO;
				DEVELOPMENT_TEAM = 5R6NF68G9S;
				HEADER_SEARCH_PATHS = (
					"$(inherited)",
					"$(SRCROOT)/../node_modules/amazon-cognito-identity-js/ios/**",
					"$(SRCROOT)/../node_modules/appcenter/ios/AppCenterReactNative",
					"$(SRCROOT)/../node_modules/appcenter-analytics/ios/AppCenterReactNativeAnalytics",
					"$(SRCROOT)/../node_modules/appcenter-crashes/ios/AppCenterReactNativeCrashes",
					"$(SRCROOT)/../node_modules/react-native-gesture-handler/ios/**",
					"$(SRCROOT)/../node_modules/react-native-image-picker/ios",
					"$(SRCROOT)/../node_modules/react-native-linear-gradient/BVLinearGradient",
					"$(SRCROOT)/../node_modules/react-native-splash-screen/ios",
					"$(SRCROOT)/../node_modules/react-native-svg/ios/**",
					"$(SRCROOT)/../node_modules/react-native-vector-icons/RNVectorIconsManager",
					"$(SRCROOT)/../node_modules/rn-fetch-blob/ios/**",
					"$(SRCROOT)/../node_modules/react-native-firebase/ios/RNFirebase/**",
				);
				INFOPLIST_FILE = app/Info.plist;
				IPHONEOS_DEPLOYMENT_TARGET = 9.0;
				LD_RUNPATH_SEARCH_PATHS = "$(inherited) @executable_path/Frameworks";
				LIBRARY_SEARCH_PATHS = "$(inherited)";
				OTHER_LDFLAGS = (
					"$(inherited)",
					"-ObjC",
					"-lc++",
				);
				PRODUCT_BUNDLE_IDENTIFIER = com.yum.kfcfreshapp;
				PRODUCT_NAME = app;
				PROVISIONING_PROFILE_SPECIFIER = kfc_distribution;
				VERSIONING_SYSTEM = "apple-generic";
			};
			name = Debug;
		};
		13B07F951A680F5B00A75B9A /* Release */ = {
			isa = XCBuildConfiguration;
			baseConfigurationReference = 8E77769934DCDEE2930E4D8A /* Pods-app.release.xcconfig */;
			buildSettings = {
				ASSETCATALOG_COMPILER_APPICON_NAME = AppIcon;
				CODE_SIGN_IDENTITY = "iPhone Distribution";
				CODE_SIGN_STYLE = Manual;
				CURRENT_PROJECT_VERSION = 1;
				DEVELOPMENT_TEAM = 5R6NF68G9S;
				HEADER_SEARCH_PATHS = (
					"$(inherited)",
					"$(SRCROOT)/../node_modules/amazon-cognito-identity-js/ios/**",
					"$(SRCROOT)/../node_modules/appcenter/ios/AppCenterReactNative",
					"$(SRCROOT)/../node_modules/appcenter-analytics/ios/AppCenterReactNativeAnalytics",
					"$(SRCROOT)/../node_modules/appcenter-crashes/ios/AppCenterReactNativeCrashes",
					"$(SRCROOT)/../node_modules/react-native-gesture-handler/ios/**",
					"$(SRCROOT)/../node_modules/react-native-image-picker/ios",
					"$(SRCROOT)/../node_modules/react-native-linear-gradient/BVLinearGradient",
					"$(SRCROOT)/../node_modules/react-native-splash-screen/ios",
					"$(SRCROOT)/../node_modules/react-native-svg/ios/**",
					"$(SRCROOT)/../node_modules/react-native-vector-icons/RNVectorIconsManager",
					"$(SRCROOT)/../node_modules/rn-fetch-blob/ios/**",
					"$(SRCROOT)/../node_modules/react-native-firebase/ios/RNFirebase/**",
				);
				INFOPLIST_FILE = app/Info.plist;
				IPHONEOS_DEPLOYMENT_TARGET = 9.0;
				LD_RUNPATH_SEARCH_PATHS = "$(inherited) @executable_path/Frameworks";
				LIBRARY_SEARCH_PATHS = "$(inherited)";
				OTHER_LDFLAGS = (
					"$(inherited)",
					"-ObjC",
					"-lc++",
				);
				PRODUCT_BUNDLE_IDENTIFIER = com.yum.kfcfreshapp;
				PRODUCT_NAME = app;
				PROVISIONING_PROFILE_SPECIFIER = kfc_distribution;
				VERSIONING_SYSTEM = "apple-generic";
			};
			name = Release;
		};
		83CBBA201A601CBA00E9B192 /* Debug */ = {
			isa = XCBuildConfiguration;
			buildSettings = {
				ALWAYS_SEARCH_USER_PATHS = NO;
				CLANG_CXX_LANGUAGE_STANDARD = "gnu++0x";
				CLANG_CXX_LIBRARY = "libc++";
				CLANG_ENABLE_MODULES = YES;
				CLANG_ENABLE_OBJC_ARC = YES;
				CLANG_WARN_BLOCK_CAPTURE_AUTORELEASING = YES;
				CLANG_WARN_BOOL_CONVERSION = YES;
				CLANG_WARN_COMMA = YES;
				CLANG_WARN_CONSTANT_CONVERSION = YES;
				CLANG_WARN_DEPRECATED_OBJC_IMPLEMENTATIONS = YES;
				CLANG_WARN_DIRECT_OBJC_ISA_USAGE = YES_ERROR;
				CLANG_WARN_EMPTY_BODY = YES;
				CLANG_WARN_ENUM_CONVERSION = YES;
				CLANG_WARN_INFINITE_RECURSION = YES;
				CLANG_WARN_INT_CONVERSION = YES;
				CLANG_WARN_NON_LITERAL_NULL_CONVERSION = YES;
				CLANG_WARN_OBJC_IMPLICIT_RETAIN_SELF = YES;
				CLANG_WARN_OBJC_LITERAL_CONVERSION = YES;
				CLANG_WARN_OBJC_ROOT_CLASS = YES_ERROR;
				CLANG_WARN_RANGE_LOOP_ANALYSIS = YES;
				CLANG_WARN_STRICT_PROTOTYPES = YES;
				CLANG_WARN_SUSPICIOUS_MOVE = YES;
				CLANG_WARN_UNREACHABLE_CODE = YES;
				CLANG_WARN__DUPLICATE_METHOD_MATCH = YES;
				"CODE_SIGN_IDENTITY[sdk=iphoneos*]" = "iPhone Developer";
				COPY_PHASE_STRIP = NO;
				ENABLE_STRICT_OBJC_MSGSEND = YES;
				ENABLE_TESTABILITY = YES;
				GCC_C_LANGUAGE_STANDARD = gnu99;
				GCC_DYNAMIC_NO_PIC = NO;
				GCC_NO_COMMON_BLOCKS = YES;
				GCC_OPTIMIZATION_LEVEL = 0;
				GCC_PREPROCESSOR_DEFINITIONS = (
					"DEBUG=1",
					"$(inherited)",
				);
				GCC_SYMBOLS_PRIVATE_EXTERN = NO;
				GCC_WARN_64_TO_32_BIT_CONVERSION = YES;
				GCC_WARN_ABOUT_RETURN_TYPE = YES_ERROR;
				GCC_WARN_UNDECLARED_SELECTOR = YES;
				GCC_WARN_UNINITIALIZED_AUTOS = YES_AGGRESSIVE;
				GCC_WARN_UNUSED_FUNCTION = YES;
				GCC_WARN_UNUSED_VARIABLE = YES;
				IPHONEOS_DEPLOYMENT_TARGET = 11.4;
				MTL_ENABLE_DEBUG_INFO = YES;
				ONLY_ACTIVE_ARCH = YES;
				SDKROOT = iphoneos;
			};
			name = Debug;
		};
		83CBBA211A601CBA00E9B192 /* Release */ = {
			isa = XCBuildConfiguration;
			buildSettings = {
				ALWAYS_SEARCH_USER_PATHS = NO;
				CLANG_CXX_LANGUAGE_STANDARD = "gnu++0x";
				CLANG_CXX_LIBRARY = "libc++";
				CLANG_ENABLE_MODULES = YES;
				CLANG_ENABLE_OBJC_ARC = YES;
				CLANG_WARN_BLOCK_CAPTURE_AUTORELEASING = YES;
				CLANG_WARN_BOOL_CONVERSION = YES;
				CLANG_WARN_COMMA = YES;
				CLANG_WARN_CONSTANT_CONVERSION = YES;
				CLANG_WARN_DEPRECATED_OBJC_IMPLEMENTATIONS = YES;
				CLANG_WARN_DIRECT_OBJC_ISA_USAGE = YES_ERROR;
				CLANG_WARN_EMPTY_BODY = YES;
				CLANG_WARN_ENUM_CONVERSION = YES;
				CLANG_WARN_INFINITE_RECURSION = YES;
				CLANG_WARN_INT_CONVERSION = YES;
				CLANG_WARN_NON_LITERAL_NULL_CONVERSION = YES;
				CLANG_WARN_OBJC_IMPLICIT_RETAIN_SELF = YES;
				CLANG_WARN_OBJC_LITERAL_CONVERSION = YES;
				CLANG_WARN_OBJC_ROOT_CLASS = YES_ERROR;
				CLANG_WARN_RANGE_LOOP_ANALYSIS = YES;
				CLANG_WARN_STRICT_PROTOTYPES = YES;
				CLANG_WARN_SUSPICIOUS_MOVE = YES;
				CLANG_WARN_UNREACHABLE_CODE = YES;
				CLANG_WARN__DUPLICATE_METHOD_MATCH = YES;
				"CODE_SIGN_IDENTITY[sdk=iphoneos*]" = "iPhone Developer";
				COPY_PHASE_STRIP = YES;
				ENABLE_NS_ASSERTIONS = NO;
				ENABLE_STRICT_OBJC_MSGSEND = YES;
				GCC_C_LANGUAGE_STANDARD = gnu99;
				GCC_NO_COMMON_BLOCKS = YES;
				GCC_WARN_64_TO_32_BIT_CONVERSION = YES;
				GCC_WARN_ABOUT_RETURN_TYPE = YES_ERROR;
				GCC_WARN_UNDECLARED_SELECTOR = YES;
				GCC_WARN_UNINITIALIZED_AUTOS = YES_AGGRESSIVE;
				GCC_WARN_UNUSED_FUNCTION = YES;
				GCC_WARN_UNUSED_VARIABLE = YES;
				IPHONEOS_DEPLOYMENT_TARGET = 11.4;
				MTL_ENABLE_DEBUG_INFO = NO;
				SDKROOT = iphoneos;
				VALIDATE_PRODUCT = YES;
			};
			name = Release;
		};
/* End XCBuildConfiguration section */

/* Begin XCConfigurationList section */
		13B07F931A680F5B00A75B9A /* Build configuration list for PBXNativeTarget "app" */ = {
			isa = XCConfigurationList;
			buildConfigurations = (
				13B07F941A680F5B00A75B9A /* Debug */,
				13B07F951A680F5B00A75B9A /* Release */,
			);
			defaultConfigurationIsVisible = 0;
			defaultConfigurationName = Release;
		};
		83CBB9FA1A601CBA00E9B192 /* Build configuration list for PBXProject "app" */ = {
			isa = XCConfigurationList;
			buildConfigurations = (
				83CBBA201A601CBA00E9B192 /* Debug */,
				83CBBA211A601CBA00E9B192 /* Release */,
			);
			defaultConfigurationIsVisible = 0;
			defaultConfigurationName = Release;
		};
/* End XCConfigurationList section */
	};
	rootObject = 83CBB9F71A601CBA00E9B192 /* Project object */;
}
